// !$*UTF8*$!
{
	archiveVersion = 1;
	classes = {
	};
	objectVersion = 52;
	objects = {

/* Begin PBXBuildFile section */
		9A11B1B226979F48009208E8 /* RoundedButton.swift in Sources */ = {isa = PBXBuildFile; fileRef = 9A11B1B126979F48009208E8 /* RoundedButton.swift */; };
		9A11B1B62697A1AA009208E8 /* LoginVC.swift in Sources */ = {isa = PBXBuildFile; fileRef = 9A11B1B52697A1AA009208E8 /* LoginVC.swift */; };
		9A11B1B92697A1D6009208E8 /* JoinGroupVC.swift in Sources */ = {isa = PBXBuildFile; fileRef = 9A11B1B82697A1D6009208E8 /* JoinGroupVC.swift */; };
		9A140166290A2CE500BBF9BB /* KeepDistance.json in Resources */ = {isa = PBXBuildFile; fileRef = 9A140165290A2CE500BBF9BB /* KeepDistance.json */; };
		9A2C5C5C26BD044B00C82543 /* CheckMark.json in Resources */ = {isa = PBXBuildFile; fileRef = 9A2C5C5A26BD044B00C82543 /* CheckMark.json */; };
		9A2C5C5D26BD044B00C82543 /* CrossX.json in Resources */ = {isa = PBXBuildFile; fileRef = 9A2C5C5B26BD044B00C82543 /* CrossX.json */; };
		9A2F41472929A7F70070E327 /* RWGPSRoute.swift in Sources */ = {isa = PBXBuildFile; fileRef = 9A2F41462929A7F70070E327 /* RWGPSRoute.swift */; };
		9A32C56B28654AA8003B1F70 /* AnnouncementNotification.swift in Sources */ = {isa = PBXBuildFile; fileRef = 9A32C56A28654AA8003B1F70 /* AnnouncementNotification.swift */; };
		9A32C56D28657B99003B1F70 /* Megaphone.json in Resources */ = {isa = PBXBuildFile; fileRef = 9A32C56C28657B99003B1F70 /* Megaphone.json */; };
		9A32C56F28658CB9003B1F70 /* AnnouncementTableViewCell.swift in Sources */ = {isa = PBXBuildFile; fileRef = 9A32C56E28658CB9003B1F70 /* AnnouncementTableViewCell.swift */; };
		9A354854287E2BFC003AFD53 /* FirebaseAnalytics in Frameworks */ = {isa = PBXBuildFile; productRef = 9A354853287E2BFC003AFD53 /* FirebaseAnalytics */; };
		9A354856287E2BFC003AFD53 /* FirebaseAuth in Frameworks */ = {isa = PBXBuildFile; productRef = 9A354855287E2BFC003AFD53 /* FirebaseAuth */; };
		9A354858287E2BFC003AFD53 /* FirebaseDatabase in Frameworks */ = {isa = PBXBuildFile; productRef = 9A354857287E2BFC003AFD53 /* FirebaseDatabase */; };
		9A35485A287E2BFC003AFD53 /* FirebaseMessaging in Frameworks */ = {isa = PBXBuildFile; productRef = 9A354859287E2BFC003AFD53 /* FirebaseMessaging */; };
		9A35485C287E2BFC003AFD53 /* FirebaseStorage in Frameworks */ = {isa = PBXBuildFile; productRef = 9A35485B287E2BFC003AFD53 /* FirebaseStorage */; };
		9A35485E287E51B6003AFD53 /* FirebaseFunctions in Frameworks */ = {isa = PBXBuildFile; productRef = 9A35485D287E51B6003AFD53 /* FirebaseFunctions */; };
		9A3DEF692712B6530066D1EB /* AppNotifications.swift in Sources */ = {isa = PBXBuildFile; fileRef = 9A3DEF682712B6530066D1EB /* AppNotifications.swift */; };
		9A3DEF6B2712B8BC0066D1EB /* Notification.swift in Sources */ = {isa = PBXBuildFile; fileRef = 9A3DEF6A2712B8BC0066D1EB /* Notification.swift */; };
		9A3DEF6D2712BA2B0066D1EB /* Caution.json in Resources */ = {isa = PBXBuildFile; fileRef = 9A3DEF6C2712BA2B0066D1EB /* Caution.json */; };
		9A3DEF6F2718F92B0066D1EB /* ManBiking.json in Resources */ = {isa = PBXBuildFile; fileRef = 9A3DEF6E2718F92A0066D1EB /* ManBiking.json */; };
		9A3DEF75271B78CF0066D1EB /* NotificationsVC.swift in Sources */ = {isa = PBXBuildFile; fileRef = 9A3DEF74271B78CF0066D1EB /* NotificationsVC.swift */; };
		9A3DEF78271B8A8C0066D1EB /* NotificationTableViewCell.swift in Sources */ = {isa = PBXBuildFile; fileRef = 9A3DEF77271B8A8C0066D1EB /* NotificationTableViewCell.swift */; };
		9A40DAD227B893CB004BB1DC /* DateFormatterTimeDifference.swift in Sources */ = {isa = PBXBuildFile; fileRef = 9A40DAD127B893CB004BB1DC /* DateFormatterTimeDifference.swift */; };
		9A418119285C05740005D5D3 /* AnnouncementVC.swift in Sources */ = {isa = PBXBuildFile; fileRef = 9A418118285C05740005D5D3 /* AnnouncementVC.swift */; };
		9A449FA02989F21000BB9829 /* PaddingTextField.swift in Sources */ = {isa = PBXBuildFile; fileRef = 9A449F9F2989F21000BB9829 /* PaddingTextField.swift */; };
		9AA772E4293ADFA700C07AE8 /* RWGPSRoutePreview.swift in Sources */ = {isa = PBXBuildFile; fileRef = 9AA772E3293ADFA600C07AE8 /* RWGPSRoutePreview.swift */; };
		9AA772E7293AF41200C07AE8 /* RWGPS.storyboard in Resources */ = {isa = PBXBuildFile; fileRef = 9AA772E6293AF41200C07AE8 /* RWGPS.storyboard */; };
		9AA772E9293AF61900C07AE8 /* RWGPSRoutePreviewCell.swift in Sources */ = {isa = PBXBuildFile; fileRef = 9AA772E8293AF61900C07AE8 /* RWGPSRoutePreviewCell.swift */; };
		9AAD6D3D2828B54000D1DD22 /* DesignableUITextField.swift in Sources */ = {isa = PBXBuildFile; fileRef = 9AAD6D3C2828B54000D1DD22 /* DesignableUITextField.swift */; };
		9AAD6D512828BCDE00D1DD22 /* OFL.txt in Resources */ = {isa = PBXBuildFile; fileRef = 9AAD6D402828BCCA00D1DD22 /* OFL.txt */; };
		9AAD6D522828BCDE00D1DD22 /* Poppins-Black.ttf in Resources */ = {isa = PBXBuildFile; fileRef = 9AAD6D482828BCCB00D1DD22 /* Poppins-Black.ttf */; };
		9AAD6D532828BCDE00D1DD22 /* Poppins-BlackItalic.ttf in Resources */ = {isa = PBXBuildFile; fileRef = 9AAD6D4F2828BCCB00D1DD22 /* Poppins-BlackItalic.ttf */; };
		9AAD6D542828BCDE00D1DD22 /* Poppins-Bold.ttf in Resources */ = {isa = PBXBuildFile; fileRef = 9AAD6D502828BCCB00D1DD22 /* Poppins-Bold.ttf */; };
		9AAD6D552828BCDE00D1DD22 /* Poppins-BoldItalic.ttf in Resources */ = {isa = PBXBuildFile; fileRef = 9AAD6D4D2828BCCB00D1DD22 /* Poppins-BoldItalic.ttf */; };
		9AAD6D562828BCDE00D1DD22 /* Poppins-ExtraBold.ttf in Resources */ = {isa = PBXBuildFile; fileRef = 9AAD6D422828BCCA00D1DD22 /* Poppins-ExtraBold.ttf */; };
		9AAD6D572828BCDE00D1DD22 /* Poppins-ExtraBoldItalic.ttf in Resources */ = {isa = PBXBuildFile; fileRef = 9AAD6D492828BCCB00D1DD22 /* Poppins-ExtraBoldItalic.ttf */; };
		9AAD6D582828BCDE00D1DD22 /* Poppins-ExtraLight.ttf in Resources */ = {isa = PBXBuildFile; fileRef = 9AAD6D452828BCCB00D1DD22 /* Poppins-ExtraLight.ttf */; };
		9AAD6D592828BCDE00D1DD22 /* Poppins-ExtraLightItalic.ttf in Resources */ = {isa = PBXBuildFile; fileRef = 9AAD6D3F2828BCCA00D1DD22 /* Poppins-ExtraLightItalic.ttf */; };
		9AAD6D5A2828BCDE00D1DD22 /* Poppins-Italic.ttf in Resources */ = {isa = PBXBuildFile; fileRef = 9AAD6D412828BCCA00D1DD22 /* Poppins-Italic.ttf */; };
		9AAD6D5B2828BCDE00D1DD22 /* Poppins-Light.ttf in Resources */ = {isa = PBXBuildFile; fileRef = 9AAD6D4A2828BCCB00D1DD22 /* Poppins-Light.ttf */; };
		9AAD6D5C2828BCDE00D1DD22 /* Poppins-LightItalic.ttf in Resources */ = {isa = PBXBuildFile; fileRef = 9AAD6D462828BCCB00D1DD22 /* Poppins-LightItalic.ttf */; };
		9AAD6D5D2828BCDF00D1DD22 /* Poppins-Medium.ttf in Resources */ = {isa = PBXBuildFile; fileRef = 9AAD6D3E2828BCCA00D1DD22 /* Poppins-Medium.ttf */; };
		9AAD6D5E2828BCDF00D1DD22 /* Poppins-MediumItalic.ttf in Resources */ = {isa = PBXBuildFile; fileRef = 9AAD6D4B2828BCCB00D1DD22 /* Poppins-MediumItalic.ttf */; };
		9AAD6D5F2828BCDF00D1DD22 /* Poppins-Regular.ttf in Resources */ = {isa = PBXBuildFile; fileRef = 9AAD6D472828BCCB00D1DD22 /* Poppins-Regular.ttf */; };
		9AAD6D602828BCDF00D1DD22 /* Poppins-SemiBold.ttf in Resources */ = {isa = PBXBuildFile; fileRef = 9AAD6D442828BCCB00D1DD22 /* Poppins-SemiBold.ttf */; };
		9AAD6D612828BCDF00D1DD22 /* Poppins-SemiBoldItalic.ttf in Resources */ = {isa = PBXBuildFile; fileRef = 9AAD6D4C2828BCCB00D1DD22 /* Poppins-SemiBoldItalic.ttf */; };
		9AAD6D622828BCDF00D1DD22 /* Poppins-Thin.ttf in Resources */ = {isa = PBXBuildFile; fileRef = 9AAD6D4E2828BCCB00D1DD22 /* Poppins-Thin.ttf */; };
		9AAD6D632828BCDF00D1DD22 /* Poppins-ThinItalic.ttf in Resources */ = {isa = PBXBuildFile; fileRef = 9AAD6D432828BCCA00D1DD22 /* Poppins-ThinItalic.ttf */; };
		9AAEF2F9290DD0300059B628 /* OffRoute.json in Resources */ = {isa = PBXBuildFile; fileRef = 9AAEF2F8290DD02F0059B628 /* OffRoute.json */; };
		9AAEF2FC292067700059B628 /* RWGPSLoginVC.swift in Sources */ = {isa = PBXBuildFile; fileRef = 9AAEF2FB292067700059B628 /* RWGPSLoginVC.swift */; };
		9AAEF2FE29206EE40059B628 /* RWGPSUser.swift in Sources */ = {isa = PBXBuildFile; fileRef = 9AAEF2FD29206EE40059B628 /* RWGPSUser.swift */; };
		9AAEF300292070180059B628 /* Constants.swift in Sources */ = {isa = PBXBuildFile; fileRef = 9AAEF2FF292070180059B628 /* Constants.swift */; };
		9AAEF3022920B7980059B628 /* RWGPSSelectRideVC.swift in Sources */ = {isa = PBXBuildFile; fileRef = 9AAEF3012920B7980059B628 /* RWGPSSelectRideVC.swift */; };
		9AB04F6326D471E90076B190 /* BottomSheetInfoGroupVC.swift in Sources */ = {isa = PBXBuildFile; fileRef = 9AB04F6226D471E90076B190 /* BottomSheetInfoGroupVC.swift */; };
		9AB04F6726D8A59B0076B190 /* ColoredLabels.swift in Sources */ = {isa = PBXBuildFile; fileRef = 9AB04F6626D8A59B0076B190 /* ColoredLabels.swift */; };
		9AB04F6A26D8BBA20076B190 /* GroupUserTableViewCell.swift in Sources */ = {isa = PBXBuildFile; fileRef = 9AB04F6926D8BBA20076B190 /* GroupUserTableViewCell.swift */; };
		9AB04F6C26DADC870076B190 /* Preferences.swift in Sources */ = {isa = PBXBuildFile; fileRef = 9AB04F6B26DADC870076B190 /* Preferences.swift */; };
		9AB04F6E26DAEEA60076B190 /* GroupBottomSheet.storyboard in Resources */ = {isa = PBXBuildFile; fileRef = 9AB04F6D26DAEEA60076B190 /* GroupBottomSheet.storyboard */; };
		9AB04F7126E1CC100076B190 /* GroupUserLocationVC.swift in Sources */ = {isa = PBXBuildFile; fileRef = 9AB04F7026E1CC100076B190 /* GroupUserLocationVC.swift */; };
		9AB04F7326E589780076B190 /* ViewShadow.swift in Sources */ = {isa = PBXBuildFile; fileRef = 9AB04F7226E589770076B190 /* ViewShadow.swift */; };
		9AB04F7526E87F570076B190 /* GroupRideSettingsVC.swift in Sources */ = {isa = PBXBuildFile; fileRef = 9AB04F7426E87F570076B190 /* GroupRideSettingsVC.swift */; };
		9AB04F7726EAE2D40076B190 /* ShareInviteCodeVC.swift in Sources */ = {isa = PBXBuildFile; fileRef = 9AB04F7626EAE2D30076B190 /* ShareInviteCodeVC.swift */; };
		9AB06F4B273E57870050B3C5 /* SavedRidesVC.swift in Sources */ = {isa = PBXBuildFile; fileRef = 9AB06F4A273E57870050B3C5 /* SavedRidesVC.swift */; };
		9AB06F4D2748D2C30050B3C5 /* Ride.swift in Sources */ = {isa = PBXBuildFile; fileRef = 9AB06F4C2748D2C30050B3C5 /* Ride.swift */; };
		9AB06F4F2749BC7A0050B3C5 /* SavedRideCell.swift in Sources */ = {isa = PBXBuildFile; fileRef = 9AB06F4E2749BC7A0050B3C5 /* SavedRideCell.swift */; };
		9AB06F532751DE9B0050B3C5 /* GoogleService-Info.plist in Resources */ = {isa = PBXBuildFile; fileRef = 9AB06F522751DE9B0050B3C5 /* GoogleService-Info.plist */; };
		9AB06F55275325A70050B3C5 /* SignUpVC.swift in Sources */ = {isa = PBXBuildFile; fileRef = 9AB06F54275325A70050B3C5 /* SignUpVC.swift */; };
		9ACF216A287E1EDA00046964 /* (null) in Embed Frameworks */ = {isa = PBXBuildFile; settings = {ATTRIBUTES = (CodeSignOnCopy, RemoveHeadersOnCopy, ); }; };
		9ADEAA682697D130005BB706 /* NotificationNames.swift in Sources */ = {isa = PBXBuildFile; fileRef = 9ADEAA672697D130005BB706 /* NotificationNames.swift */; };
		9ADEAA6A2697D23F005BB706 /* Toast.swift in Sources */ = {isa = PBXBuildFile; fileRef = 9ADEAA692697D23F005BB706 /* Toast.swift */; };
		9ADEAA6E2697D8AC005BB706 /* LoginSuccess.json in Resources */ = {isa = PBXBuildFile; fileRef = 9ADEAA6D2697D8AC005BB706 /* LoginSuccess.json */; };
		9ADEAA702697D8D8005BB706 /* GroupUser.swift in Sources */ = {isa = PBXBuildFile; fileRef = 9ADEAA6F2697D8D8005BB706 /* GroupUser.swift */; };
		9ADEAA732697DCBE005BB706 /* NetworkHelpers.swift in Sources */ = {isa = PBXBuildFile; fileRef = 9ADEAA722697DCBE005BB706 /* NetworkHelpers.swift */; };
		9ADEAA7526997548005BB706 /* UserDefaults.swift in Sources */ = {isa = PBXBuildFile; fileRef = 9ADEAA7426997548005BB706 /* UserDefaults.swift */; };
		9ADEAA7726997AD2005BB706 /* HideKeyboard.swift in Sources */ = {isa = PBXBuildFile; fileRef = 9ADEAA7626997AD2005BB706 /* HideKeyboard.swift */; };
		9ADEAA7926997C48005BB706 /* MainPage.storyboard in Resources */ = {isa = PBXBuildFile; fileRef = 9ADEAA7826997C48005BB706 /* MainPage.storyboard */; };
		9ADEAA7B26997C86005BB706 /* BikingGroupVC.swift in Sources */ = {isa = PBXBuildFile; fileRef = 9ADEAA7A26997C86005BB706 /* BikingGroupVC.swift */; };
		9ADEAA7E26A62917005BB706 /* StorageUploads.swift in Sources */ = {isa = PBXBuildFile; fileRef = 9ADEAA7D26A62917005BB706 /* StorageUploads.swift */; };
		9ADEAA8026ACE556005BB706 /* RealtimeUploads.swift in Sources */ = {isa = PBXBuildFile; fileRef = 9ADEAA7F26ACE556005BB706 /* RealtimeUploads.swift */; };
		9ADEAA8226ACEAD6005BB706 /* Alert.swift in Sources */ = {isa = PBXBuildFile; fileRef = 9ADEAA8126ACEAD6005BB706 /* Alert.swift */; };
		9ADEAA8426ACEE40005BB706 /* BikingVCs.swift in Sources */ = {isa = PBXBuildFile; fileRef = 9ADEAA8326ACEE40005BB706 /* BikingVCs.swift */; };
		9ADEAA8626B356AB005BB706 /* MapExtensions.swift in Sources */ = {isa = PBXBuildFile; fileRef = 9ADEAA8526B356AB005BB706 /* MapExtensions.swift */; };
		9ADEAA8826B44D13005BB706 /* Group.swift in Sources */ = {isa = PBXBuildFile; fileRef = 9ADEAA8726B44D12005BB706 /* Group.swift */; };
		9ADEAA8A26B4DC70005BB706 /* ExtraColors.swift in Sources */ = {isa = PBXBuildFile; fileRef = 9ADEAA8926B4DC70005BB706 /* ExtraColors.swift */; };
		9ADEAA9126B85EB3005BB706 /* Locations.swift in Sources */ = {isa = PBXBuildFile; fileRef = 9ADEAA9026B85EB3005BB706 /* Locations.swift */; };
		9ADEAA9426B8CF76005BB706 /* Baumans-Regular.ttf in Resources */ = {isa = PBXBuildFile; fileRef = 9ADEAA9326B8CCDC005BB706 /* Baumans-Regular.ttf */; };
		9ADEAA9626BCD5B7005BB706 /* AuthenticationHelpers.swift in Sources */ = {isa = PBXBuildFile; fileRef = 9ADEAA9526BCD5B6005BB706 /* AuthenticationHelpers.swift */; };
		9ADEAA9926BCD867005BB706 /* StorageRetrieve.swift in Sources */ = {isa = PBXBuildFile; fileRef = 9ADEAA9826BCD867005BB706 /* StorageRetrieve.swift */; };
		9ADEAA9B26BCF463005BB706 /* TitleLabel.swift in Sources */ = {isa = PBXBuildFile; fileRef = 9ADEAA9A26BCF462005BB706 /* TitleLabel.swift */; };
		9ADEAA9D26BCF5D6005BB706 /* AdditionalInfoVC.swift in Sources */ = {isa = PBXBuildFile; fileRef = 9ADEAA9C26BCF5D6005BB706 /* AdditionalInfoVC.swift */; };
		9AE042B12696E02700FC86AD /* AppDelegate.swift in Sources */ = {isa = PBXBuildFile; fileRef = 9AE042B02696E02700FC86AD /* AppDelegate.swift */; };
		9AE042B32696E02700FC86AD /* SceneDelegate.swift in Sources */ = {isa = PBXBuildFile; fileRef = 9AE042B22696E02700FC86AD /* SceneDelegate.swift */; };
		9AE042B82696E02700FC86AD /* Main.storyboard in Resources */ = {isa = PBXBuildFile; fileRef = 9AE042B62696E02700FC86AD /* Main.storyboard */; };
		9AE042BA2696E02B00FC86AD /* Assets.xcassets in Resources */ = {isa = PBXBuildFile; fileRef = 9AE042B92696E02B00FC86AD /* Assets.xcassets */; };
		9AE042BD2696E02B00FC86AD /* LaunchScreen.storyboard in Resources */ = {isa = PBXBuildFile; fileRef = 9AE042BB2696E02B00FC86AD /* LaunchScreen.storyboard */; };
		9AE042C82696E02B00FC86AD /* CongressionalAppBikingTests.swift in Sources */ = {isa = PBXBuildFile; fileRef = 9AE042C72696E02B00FC86AD /* CongressionalAppBikingTests.swift */; };
		9AE042D32696E02B00FC86AD /* CongressionalAppBikingUITests.swift in Sources */ = {isa = PBXBuildFile; fileRef = 9AE042D22696E02B00FC86AD /* CongressionalAppBikingUITests.swift */; };
		9AE042E22696E30A00FC86AD /* InitialLaunch.storyboard in Resources */ = {isa = PBXBuildFile; fileRef = 9AE042E12696E30A00FC86AD /* InitialLaunch.storyboard */; };
		9AE2335C26C75B45008C6101 /* GroupUserAnnotation.swift in Sources */ = {isa = PBXBuildFile; fileRef = 9AE2335B26C75B45008C6101 /* GroupUserAnnotation.swift */; };
		9AE960FA270BCD3200B3B839 /* MutePhone.json in Resources */ = {isa = PBXBuildFile; fileRef = 9AE960F9270BCD3200B3B839 /* MutePhone.json */; };
		9AFE04AE295A9476001E6B81 /* RWGPSPointAnnotation.swift in Sources */ = {isa = PBXBuildFile; fileRef = 9AFE04AD295A9476001E6B81 /* RWGPSPointAnnotation.swift */; };
		A787F720AF6837F5FB4F8AF7 /* Pods_CongressionalAppBiking.framework in Frameworks */ = {isa = PBXBuildFile; fileRef = DEB3238268340224684E6297 /* Pods_CongressionalAppBiking.framework */; };
/* End PBXBuildFile section */

/* Begin PBXContainerItemProxy section */
		9AE042C42696E02B00FC86AD /* PBXContainerItemProxy */ = {
			isa = PBXContainerItemProxy;
			containerPortal = 9AE042A52696E02700FC86AD /* Project object */;
			proxyType = 1;
			remoteGlobalIDString = 9AE042AC2696E02700FC86AD;
			remoteInfo = CongressionalAppBiking;
		};
		9AE042CF2696E02B00FC86AD /* PBXContainerItemProxy */ = {
			isa = PBXContainerItemProxy;
			containerPortal = 9AE042A52696E02700FC86AD /* Project object */;
			proxyType = 1;
			remoteGlobalIDString = 9AE042AC2696E02700FC86AD;
			remoteInfo = CongressionalAppBiking;
		};
/* End PBXContainerItemProxy section */

/* Begin PBXCopyFilesBuildPhase section */
		9ACF216B287E1EDA00046964 /* Embed Frameworks */ = {
			isa = PBXCopyFilesBuildPhase;
			buildActionMask = 2147483647;
			dstPath = "";
			dstSubfolderSpec = 10;
			files = (
				9ACF216A287E1EDA00046964 /* (null) in Embed Frameworks */,
			);
			name = "Embed Frameworks";
			runOnlyForDeploymentPostprocessing = 0;
		};
/* End PBXCopyFilesBuildPhase section */

/* Begin PBXFileReference section */
		5806A5F2E29415A1BC2DEC47 /* Pods-CongressionalAppBiking.debug.xcconfig */ = {isa = PBXFileReference; includeInIndex = 1; lastKnownFileType = text.xcconfig; name = "Pods-CongressionalAppBiking.debug.xcconfig"; path = "Target Support Files/Pods-CongressionalAppBiking/Pods-CongressionalAppBiking.debug.xcconfig"; sourceTree = "<group>"; };
		9A11B1B126979F48009208E8 /* RoundedButton.swift */ = {isa = PBXFileReference; lastKnownFileType = sourcecode.swift; path = RoundedButton.swift; sourceTree = "<group>"; };
		9A11B1B52697A1AA009208E8 /* LoginVC.swift */ = {isa = PBXFileReference; lastKnownFileType = sourcecode.swift; path = LoginVC.swift; sourceTree = "<group>"; };
		9A11B1B82697A1D6009208E8 /* JoinGroupVC.swift */ = {isa = PBXFileReference; lastKnownFileType = sourcecode.swift; path = JoinGroupVC.swift; sourceTree = "<group>"; };
		9A140165290A2CE500BBF9BB /* KeepDistance.json */ = {isa = PBXFileReference; fileEncoding = 4; lastKnownFileType = text.json; path = KeepDistance.json; sourceTree = "<group>"; };
		9A2C5C5A26BD044B00C82543 /* CheckMark.json */ = {isa = PBXFileReference; fileEncoding = 4; lastKnownFileType = text.json; path = CheckMark.json; sourceTree = "<group>"; };
		9A2C5C5B26BD044B00C82543 /* CrossX.json */ = {isa = PBXFileReference; fileEncoding = 4; lastKnownFileType = text.json; path = CrossX.json; sourceTree = "<group>"; };
		9A2F41462929A7F70070E327 /* RWGPSRoute.swift */ = {isa = PBXFileReference; lastKnownFileType = sourcecode.swift; path = RWGPSRoute.swift; sourceTree = "<group>"; };
		9A32C56A28654AA8003B1F70 /* AnnouncementNotification.swift */ = {isa = PBXFileReference; lastKnownFileType = sourcecode.swift; path = AnnouncementNotification.swift; sourceTree = "<group>"; };
		9A32C56C28657B99003B1F70 /* Megaphone.json */ = {isa = PBXFileReference; fileEncoding = 4; lastKnownFileType = text.json; path = Megaphone.json; sourceTree = "<group>"; };
		9A32C56E28658CB9003B1F70 /* AnnouncementTableViewCell.swift */ = {isa = PBXFileReference; lastKnownFileType = sourcecode.swift; path = AnnouncementTableViewCell.swift; sourceTree = "<group>"; };
		9A3DEF682712B6530066D1EB /* AppNotifications.swift */ = {isa = PBXFileReference; lastKnownFileType = sourcecode.swift; path = AppNotifications.swift; sourceTree = "<group>"; };
		9A3DEF6A2712B8BC0066D1EB /* Notification.swift */ = {isa = PBXFileReference; lastKnownFileType = sourcecode.swift; path = Notification.swift; sourceTree = "<group>"; };
		9A3DEF6C2712BA2B0066D1EB /* Caution.json */ = {isa = PBXFileReference; fileEncoding = 4; lastKnownFileType = text.json; path = Caution.json; sourceTree = "<group>"; };
		9A3DEF6E2718F92A0066D1EB /* ManBiking.json */ = {isa = PBXFileReference; fileEncoding = 4; lastKnownFileType = text.json; path = ManBiking.json; sourceTree = "<group>"; };
		9A3DEF74271B78CF0066D1EB /* NotificationsVC.swift */ = {isa = PBXFileReference; lastKnownFileType = sourcecode.swift; path = NotificationsVC.swift; sourceTree = "<group>"; };
		9A3DEF77271B8A8C0066D1EB /* NotificationTableViewCell.swift */ = {isa = PBXFileReference; lastKnownFileType = sourcecode.swift; path = NotificationTableViewCell.swift; sourceTree = "<group>"; };
		9A40DAD127B893CB004BB1DC /* DateFormatterTimeDifference.swift */ = {isa = PBXFileReference; lastKnownFileType = sourcecode.swift; path = DateFormatterTimeDifference.swift; sourceTree = "<group>"; };
		9A418118285C05740005D5D3 /* AnnouncementVC.swift */ = {isa = PBXFileReference; lastKnownFileType = sourcecode.swift; name = AnnouncementVC.swift; path = BottomSheet/AnnouncementVC.swift; sourceTree = "<group>"; };
		9A449F9F2989F21000BB9829 /* PaddingTextField.swift */ = {isa = PBXFileReference; lastKnownFileType = sourcecode.swift; path = PaddingTextField.swift; sourceTree = "<group>"; };
		9AA772E3293ADFA600C07AE8 /* RWGPSRoutePreview.swift */ = {isa = PBXFileReference; lastKnownFileType = sourcecode.swift; path = RWGPSRoutePreview.swift; sourceTree = "<group>"; };
		9AA772E6293AF41200C07AE8 /* RWGPS.storyboard */ = {isa = PBXFileReference; fileEncoding = 4; lastKnownFileType = file.storyboard; path = RWGPS.storyboard; sourceTree = "<group>"; };
		9AA772E8293AF61900C07AE8 /* RWGPSRoutePreviewCell.swift */ = {isa = PBXFileReference; lastKnownFileType = sourcecode.swift; path = RWGPSRoutePreviewCell.swift; sourceTree = "<group>"; };
		9AAD6D3C2828B54000D1DD22 /* DesignableUITextField.swift */ = {isa = PBXFileReference; lastKnownFileType = sourcecode.swift; path = DesignableUITextField.swift; sourceTree = "<group>"; };
		9AAD6D3E2828BCCA00D1DD22 /* Poppins-Medium.ttf */ = {isa = PBXFileReference; lastKnownFileType = file; path = "Poppins-Medium.ttf"; sourceTree = "<group>"; };
		9AAD6D3F2828BCCA00D1DD22 /* Poppins-ExtraLightItalic.ttf */ = {isa = PBXFileReference; lastKnownFileType = file; path = "Poppins-ExtraLightItalic.ttf"; sourceTree = "<group>"; };
		9AAD6D402828BCCA00D1DD22 /* OFL.txt */ = {isa = PBXFileReference; lastKnownFileType = text; path = OFL.txt; sourceTree = "<group>"; };
		9AAD6D412828BCCA00D1DD22 /* Poppins-Italic.ttf */ = {isa = PBXFileReference; lastKnownFileType = file; path = "Poppins-Italic.ttf"; sourceTree = "<group>"; };
		9AAD6D422828BCCA00D1DD22 /* Poppins-ExtraBold.ttf */ = {isa = PBXFileReference; lastKnownFileType = file; path = "Poppins-ExtraBold.ttf"; sourceTree = "<group>"; };
		9AAD6D432828BCCA00D1DD22 /* Poppins-ThinItalic.ttf */ = {isa = PBXFileReference; lastKnownFileType = file; path = "Poppins-ThinItalic.ttf"; sourceTree = "<group>"; };
		9AAD6D442828BCCB00D1DD22 /* Poppins-SemiBold.ttf */ = {isa = PBXFileReference; lastKnownFileType = file; path = "Poppins-SemiBold.ttf"; sourceTree = "<group>"; };
		9AAD6D452828BCCB00D1DD22 /* Poppins-ExtraLight.ttf */ = {isa = PBXFileReference; lastKnownFileType = file; path = "Poppins-ExtraLight.ttf"; sourceTree = "<group>"; };
		9AAD6D462828BCCB00D1DD22 /* Poppins-LightItalic.ttf */ = {isa = PBXFileReference; lastKnownFileType = file; path = "Poppins-LightItalic.ttf"; sourceTree = "<group>"; };
		9AAD6D472828BCCB00D1DD22 /* Poppins-Regular.ttf */ = {isa = PBXFileReference; lastKnownFileType = file; path = "Poppins-Regular.ttf"; sourceTree = "<group>"; };
		9AAD6D482828BCCB00D1DD22 /* Poppins-Black.ttf */ = {isa = PBXFileReference; lastKnownFileType = file; path = "Poppins-Black.ttf"; sourceTree = "<group>"; };
		9AAD6D492828BCCB00D1DD22 /* Poppins-ExtraBoldItalic.ttf */ = {isa = PBXFileReference; lastKnownFileType = file; path = "Poppins-ExtraBoldItalic.ttf"; sourceTree = "<group>"; };
		9AAD6D4A2828BCCB00D1DD22 /* Poppins-Light.ttf */ = {isa = PBXFileReference; lastKnownFileType = file; path = "Poppins-Light.ttf"; sourceTree = "<group>"; };
		9AAD6D4B2828BCCB00D1DD22 /* Poppins-MediumItalic.ttf */ = {isa = PBXFileReference; lastKnownFileType = file; path = "Poppins-MediumItalic.ttf"; sourceTree = "<group>"; };
		9AAD6D4C2828BCCB00D1DD22 /* Poppins-SemiBoldItalic.ttf */ = {isa = PBXFileReference; lastKnownFileType = file; path = "Poppins-SemiBoldItalic.ttf"; sourceTree = "<group>"; };
		9AAD6D4D2828BCCB00D1DD22 /* Poppins-BoldItalic.ttf */ = {isa = PBXFileReference; lastKnownFileType = file; path = "Poppins-BoldItalic.ttf"; sourceTree = "<group>"; };
		9AAD6D4E2828BCCB00D1DD22 /* Poppins-Thin.ttf */ = {isa = PBXFileReference; lastKnownFileType = file; path = "Poppins-Thin.ttf"; sourceTree = "<group>"; };
		9AAD6D4F2828BCCB00D1DD22 /* Poppins-BlackItalic.ttf */ = {isa = PBXFileReference; lastKnownFileType = file; path = "Poppins-BlackItalic.ttf"; sourceTree = "<group>"; };
		9AAD6D502828BCCB00D1DD22 /* Poppins-Bold.ttf */ = {isa = PBXFileReference; lastKnownFileType = file; path = "Poppins-Bold.ttf"; sourceTree = "<group>"; };
		9AAEF2F8290DD02F0059B628 /* OffRoute.json */ = {isa = PBXFileReference; fileEncoding = 4; lastKnownFileType = text.json; path = OffRoute.json; sourceTree = "<group>"; };
		9AAEF2FB292067700059B628 /* RWGPSLoginVC.swift */ = {isa = PBXFileReference; lastKnownFileType = sourcecode.swift; path = RWGPSLoginVC.swift; sourceTree = "<group>"; };
		9AAEF2FD29206EE40059B628 /* RWGPSUser.swift */ = {isa = PBXFileReference; lastKnownFileType = sourcecode.swift; path = RWGPSUser.swift; sourceTree = "<group>"; };
		9AAEF2FF292070180059B628 /* Constants.swift */ = {isa = PBXFileReference; lastKnownFileType = sourcecode.swift; path = Constants.swift; sourceTree = "<group>"; };
		9AAEF3012920B7980059B628 /* RWGPSSelectRideVC.swift */ = {isa = PBXFileReference; lastKnownFileType = sourcecode.swift; name = RWGPSSelectRideVC.swift; path = "../New Group/RWGPSSelectRideVC.swift"; sourceTree = "<group>"; };
		9AB04F6226D471E90076B190 /* BottomSheetInfoGroupVC.swift */ = {isa = PBXFileReference; lastKnownFileType = sourcecode.swift; path = BottomSheetInfoGroupVC.swift; sourceTree = "<group>"; };
		9AB04F6626D8A59B0076B190 /* ColoredLabels.swift */ = {isa = PBXFileReference; lastKnownFileType = sourcecode.swift; path = ColoredLabels.swift; sourceTree = "<group>"; };
		9AB04F6926D8BBA20076B190 /* GroupUserTableViewCell.swift */ = {isa = PBXFileReference; lastKnownFileType = sourcecode.swift; path = GroupUserTableViewCell.swift; sourceTree = "<group>"; };
		9AB04F6B26DADC870076B190 /* Preferences.swift */ = {isa = PBXFileReference; lastKnownFileType = sourcecode.swift; path = Preferences.swift; sourceTree = "<group>"; };
		9AB04F6D26DAEEA60076B190 /* GroupBottomSheet.storyboard */ = {isa = PBXFileReference; fileEncoding = 4; lastKnownFileType = file.storyboard; path = GroupBottomSheet.storyboard; sourceTree = "<group>"; };
		9AB04F7026E1CC100076B190 /* GroupUserLocationVC.swift */ = {isa = PBXFileReference; lastKnownFileType = sourcecode.swift; path = GroupUserLocationVC.swift; sourceTree = "<group>"; };
		9AB04F7226E589770076B190 /* ViewShadow.swift */ = {isa = PBXFileReference; lastKnownFileType = sourcecode.swift; path = ViewShadow.swift; sourceTree = "<group>"; };
		9AB04F7426E87F570076B190 /* GroupRideSettingsVC.swift */ = {isa = PBXFileReference; lastKnownFileType = sourcecode.swift; path = GroupRideSettingsVC.swift; sourceTree = "<group>"; };
		9AB04F7626EAE2D30076B190 /* ShareInviteCodeVC.swift */ = {isa = PBXFileReference; lastKnownFileType = sourcecode.swift; path = ShareInviteCodeVC.swift; sourceTree = "<group>"; };
		9AB06F4A273E57870050B3C5 /* SavedRidesVC.swift */ = {isa = PBXFileReference; lastKnownFileType = sourcecode.swift; path = SavedRidesVC.swift; sourceTree = "<group>"; };
		9AB06F4C2748D2C30050B3C5 /* Ride.swift */ = {isa = PBXFileReference; lastKnownFileType = sourcecode.swift; path = Ride.swift; sourceTree = "<group>"; };
		9AB06F4E2749BC7A0050B3C5 /* SavedRideCell.swift */ = {isa = PBXFileReference; lastKnownFileType = sourcecode.swift; path = SavedRideCell.swift; sourceTree = "<group>"; };
		9AB06F522751DE9B0050B3C5 /* GoogleService-Info.plist */ = {isa = PBXFileReference; fileEncoding = 4; lastKnownFileType = text.plist.xml; path = "GoogleService-Info.plist"; sourceTree = "<group>"; };
		9AB06F54275325A70050B3C5 /* SignUpVC.swift */ = {isa = PBXFileReference; lastKnownFileType = sourcecode.swift; path = SignUpVC.swift; sourceTree = "<group>"; };
		9ADEAA672697D130005BB706 /* NotificationNames.swift */ = {isa = PBXFileReference; lastKnownFileType = sourcecode.swift; path = NotificationNames.swift; sourceTree = "<group>"; };
		9ADEAA692697D23F005BB706 /* Toast.swift */ = {isa = PBXFileReference; fileEncoding = 4; lastKnownFileType = sourcecode.swift; path = Toast.swift; sourceTree = "<group>"; };
		9ADEAA6D2697D8AC005BB706 /* LoginSuccess.json */ = {isa = PBXFileReference; lastKnownFileType = text.json; path = LoginSuccess.json; sourceTree = "<group>"; };
		9ADEAA6F2697D8D8005BB706 /* GroupUser.swift */ = {isa = PBXFileReference; lastKnownFileType = sourcecode.swift; path = GroupUser.swift; sourceTree = "<group>"; };
		9ADEAA722697DCBE005BB706 /* NetworkHelpers.swift */ = {isa = PBXFileReference; fileEncoding = 4; lastKnownFileType = sourcecode.swift; path = NetworkHelpers.swift; sourceTree = "<group>"; };
		9ADEAA7426997548005BB706 /* UserDefaults.swift */ = {isa = PBXFileReference; lastKnownFileType = sourcecode.swift; path = UserDefaults.swift; sourceTree = "<group>"; };
		9ADEAA7626997AD2005BB706 /* HideKeyboard.swift */ = {isa = PBXFileReference; lastKnownFileType = sourcecode.swift; path = HideKeyboard.swift; sourceTree = "<group>"; };
		9ADEAA7826997C48005BB706 /* MainPage.storyboard */ = {isa = PBXFileReference; lastKnownFileType = file.storyboard; path = MainPage.storyboard; sourceTree = "<group>"; };
		9ADEAA7A26997C86005BB706 /* BikingGroupVC.swift */ = {isa = PBXFileReference; lastKnownFileType = sourcecode.swift; path = BikingGroupVC.swift; sourceTree = "<group>"; };
		9ADEAA7D26A62917005BB706 /* StorageUploads.swift */ = {isa = PBXFileReference; lastKnownFileType = sourcecode.swift; path = StorageUploads.swift; sourceTree = "<group>"; };
		9ADEAA7F26ACE556005BB706 /* RealtimeUploads.swift */ = {isa = PBXFileReference; lastKnownFileType = sourcecode.swift; path = RealtimeUploads.swift; sourceTree = "<group>"; };
		9ADEAA8126ACEAD6005BB706 /* Alert.swift */ = {isa = PBXFileReference; lastKnownFileType = sourcecode.swift; path = Alert.swift; sourceTree = "<group>"; };
		9ADEAA8326ACEE40005BB706 /* BikingVCs.swift */ = {isa = PBXFileReference; lastKnownFileType = sourcecode.swift; path = BikingVCs.swift; sourceTree = "<group>"; };
		9ADEAA8526B356AB005BB706 /* MapExtensions.swift */ = {isa = PBXFileReference; lastKnownFileType = sourcecode.swift; path = MapExtensions.swift; sourceTree = "<group>"; };
		9ADEAA8726B44D12005BB706 /* Group.swift */ = {isa = PBXFileReference; lastKnownFileType = sourcecode.swift; path = Group.swift; sourceTree = "<group>"; };
		9ADEAA8926B4DC70005BB706 /* ExtraColors.swift */ = {isa = PBXFileReference; lastKnownFileType = sourcecode.swift; path = ExtraColors.swift; sourceTree = "<group>"; };
		9ADEAA9026B85EB3005BB706 /* Locations.swift */ = {isa = PBXFileReference; lastKnownFileType = sourcecode.swift; path = Locations.swift; sourceTree = "<group>"; };
		9ADEAA9326B8CCDC005BB706 /* Baumans-Regular.ttf */ = {isa = PBXFileReference; lastKnownFileType = file; path = "Baumans-Regular.ttf"; sourceTree = "<group>"; };
		9ADEAA9526BCD5B6005BB706 /* AuthenticationHelpers.swift */ = {isa = PBXFileReference; lastKnownFileType = sourcecode.swift; path = AuthenticationHelpers.swift; sourceTree = "<group>"; };
		9ADEAA9826BCD867005BB706 /* StorageRetrieve.swift */ = {isa = PBXFileReference; lastKnownFileType = sourcecode.swift; path = StorageRetrieve.swift; sourceTree = "<group>"; };
		9ADEAA9A26BCF462005BB706 /* TitleLabel.swift */ = {isa = PBXFileReference; lastKnownFileType = sourcecode.swift; path = TitleLabel.swift; sourceTree = "<group>"; };
		9ADEAA9C26BCF5D6005BB706 /* AdditionalInfoVC.swift */ = {isa = PBXFileReference; lastKnownFileType = sourcecode.swift; path = AdditionalInfoVC.swift; sourceTree = "<group>"; };
		9AE042AD2696E02700FC86AD /* CongressionalAppBiking.app */ = {isa = PBXFileReference; explicitFileType = wrapper.application; includeInIndex = 0; path = CongressionalAppBiking.app; sourceTree = BUILT_PRODUCTS_DIR; };
		9AE042B02696E02700FC86AD /* AppDelegate.swift */ = {isa = PBXFileReference; lastKnownFileType = sourcecode.swift; path = AppDelegate.swift; sourceTree = "<group>"; };
		9AE042B22696E02700FC86AD /* SceneDelegate.swift */ = {isa = PBXFileReference; lastKnownFileType = sourcecode.swift; path = SceneDelegate.swift; sourceTree = "<group>"; };
		9AE042B72696E02700FC86AD /* Base */ = {isa = PBXFileReference; lastKnownFileType = file.storyboard; name = Base; path = Base.lproj/Main.storyboard; sourceTree = "<group>"; };
		9AE042B92696E02B00FC86AD /* Assets.xcassets */ = {isa = PBXFileReference; lastKnownFileType = folder.assetcatalog; name = Assets.xcassets; path = "CongressionalAppBiking/Master Items/Assets.xcassets"; sourceTree = SOURCE_ROOT; };
		9AE042BC2696E02B00FC86AD /* Base */ = {isa = PBXFileReference; lastKnownFileType = file.storyboard; name = Base; path = Base.lproj/LaunchScreen.storyboard; sourceTree = "<group>"; };
		9AE042BE2696E02B00FC86AD /* Info.plist */ = {isa = PBXFileReference; lastKnownFileType = text.plist.xml; path = Info.plist; sourceTree = "<group>"; };
		9AE042C32696E02B00FC86AD /* CongressionalAppBikingTests.xctest */ = {isa = PBXFileReference; explicitFileType = wrapper.cfbundle; includeInIndex = 0; path = CongressionalAppBikingTests.xctest; sourceTree = BUILT_PRODUCTS_DIR; };
		9AE042C72696E02B00FC86AD /* CongressionalAppBikingTests.swift */ = {isa = PBXFileReference; lastKnownFileType = sourcecode.swift; path = CongressionalAppBikingTests.swift; sourceTree = "<group>"; };
		9AE042C92696E02B00FC86AD /* Info.plist */ = {isa = PBXFileReference; lastKnownFileType = text.plist.xml; path = Info.plist; sourceTree = "<group>"; };
		9AE042CE2696E02B00FC86AD /* CongressionalAppBikingUITests.xctest */ = {isa = PBXFileReference; explicitFileType = wrapper.cfbundle; includeInIndex = 0; path = CongressionalAppBikingUITests.xctest; sourceTree = BUILT_PRODUCTS_DIR; };
		9AE042D22696E02B00FC86AD /* CongressionalAppBikingUITests.swift */ = {isa = PBXFileReference; lastKnownFileType = sourcecode.swift; path = CongressionalAppBikingUITests.swift; sourceTree = "<group>"; };
		9AE042D42696E02B00FC86AD /* Info.plist */ = {isa = PBXFileReference; lastKnownFileType = text.plist.xml; path = Info.plist; sourceTree = "<group>"; };
		9AE042E12696E30A00FC86AD /* InitialLaunch.storyboard */ = {isa = PBXFileReference; lastKnownFileType = file.storyboard; path = InitialLaunch.storyboard; sourceTree = "<group>"; };
		9AE2335B26C75B45008C6101 /* GroupUserAnnotation.swift */ = {isa = PBXFileReference; lastKnownFileType = sourcecode.swift; path = GroupUserAnnotation.swift; sourceTree = "<group>"; };
		9AE960F9270BCD3200B3B839 /* MutePhone.json */ = {isa = PBXFileReference; fileEncoding = 4; lastKnownFileType = text.json; path = MutePhone.json; sourceTree = "<group>"; };
		9AE960FB270C06F700B3B839 /* CongressionalAppBiking.entitlements */ = {isa = PBXFileReference; lastKnownFileType = text.plist.entitlements; path = CongressionalAppBiking.entitlements; sourceTree = "<group>"; };
		9AFE04AD295A9476001E6B81 /* RWGPSPointAnnotation.swift */ = {isa = PBXFileReference; lastKnownFileType = sourcecode.swift; path = RWGPSPointAnnotation.swift; sourceTree = "<group>"; };
		B396ED873A3CCE1625AF4FC3 /* Pods-CongressionalAppBiking.release.xcconfig */ = {isa = PBXFileReference; includeInIndex = 1; lastKnownFileType = text.xcconfig; name = "Pods-CongressionalAppBiking.release.xcconfig"; path = "Target Support Files/Pods-CongressionalAppBiking/Pods-CongressionalAppBiking.release.xcconfig"; sourceTree = "<group>"; };
		DEB3238268340224684E6297 /* Pods_CongressionalAppBiking.framework */ = {isa = PBXFileReference; explicitFileType = wrapper.framework; includeInIndex = 0; path = Pods_CongressionalAppBiking.framework; sourceTree = BUILT_PRODUCTS_DIR; };
/* End PBXFileReference section */

/* Begin PBXFrameworksBuildPhase section */
		9AE042AA2696E02700FC86AD /* Frameworks */ = {
			isa = PBXFrameworksBuildPhase;
			buildActionMask = 2147483647;
			files = (
				9A354854287E2BFC003AFD53 /* FirebaseAnalytics in Frameworks */,
				9A35485E287E51B6003AFD53 /* FirebaseFunctions in Frameworks */,
				9A354856287E2BFC003AFD53 /* FirebaseAuth in Frameworks */,
				9A35485A287E2BFC003AFD53 /* FirebaseMessaging in Frameworks */,
				9A354858287E2BFC003AFD53 /* FirebaseDatabase in Frameworks */,
				9A35485C287E2BFC003AFD53 /* FirebaseStorage in Frameworks */,
				A787F720AF6837F5FB4F8AF7 /* Pods_CongressionalAppBiking.framework in Frameworks */,
			);
			runOnlyForDeploymentPostprocessing = 0;
		};
		9AE042C02696E02B00FC86AD /* Frameworks */ = {
			isa = PBXFrameworksBuildPhase;
			buildActionMask = 2147483647;
			files = (
			);
			runOnlyForDeploymentPostprocessing = 0;
		};
		9AE042CB2696E02B00FC86AD /* Frameworks */ = {
			isa = PBXFrameworksBuildPhase;
			buildActionMask = 2147483647;
			files = (
			);
			runOnlyForDeploymentPostprocessing = 0;
		};
/* End PBXFrameworksBuildPhase section */

/* Begin PBXGroup section */
		9A11B1B026979F2A009208E8 /* Custom UI */ = {
			isa = PBXGroup;
			children = (
				9ADEAA8B26B7365B005BB706 /* Map */,
				9ADEAA692697D23F005BB706 /* Toast.swift */,
				9A3DEF6A2712B8BC0066D1EB /* Notification.swift */,
				9ADEAA7626997AD2005BB706 /* HideKeyboard.swift */,
				9AB04F6626D8A59B0076B190 /* ColoredLabels.swift */,
				9AB04F7226E589770076B190 /* ViewShadow.swift */,
				9ADEAA9A26BCF462005BB706 /* TitleLabel.swift */,
				9A11B1B126979F48009208E8 /* RoundedButton.swift */,
				9ADEAA8126ACEAD6005BB706 /* Alert.swift */,
				9ADEAA8926B4DC70005BB706 /* ExtraColors.swift */,
				9AAD6D3C2828B54000D1DD22 /* DesignableUITextField.swift */,
				9A449F9F2989F21000BB9829 /* PaddingTextField.swift */,
			);
			path = "Custom UI";
			sourceTree = "<group>";
		};
		9A11B1B32697A146009208E8 /* View Controllers */ = {
			isa = PBXGroup;
			children = (
				9A11B1B72697A1C1009208E8 /* Join Group */,
				9A11B1B42697A154009208E8 /* Initial Launch */,
				9ADEAA7C26997C8B005BB706 /* Main Page */,
			);
			path = "View Controllers";
			sourceTree = "<group>";
		};
		9A11B1B42697A154009208E8 /* Initial Launch */ = {
			isa = PBXGroup;
			children = (
				9A11B1B52697A1AA009208E8 /* LoginVC.swift */,
				9ADEAA9C26BCF5D6005BB706 /* AdditionalInfoVC.swift */,
				9AB06F54275325A70050B3C5 /* SignUpVC.swift */,
			);
			path = "Initial Launch";
			sourceTree = "<group>";
		};
		9A11B1B72697A1C1009208E8 /* Join Group */ = {
			isa = PBXGroup;
			children = (
				9A11B1B82697A1D6009208E8 /* JoinGroupVC.swift */,
				9AB06F4A273E57870050B3C5 /* SavedRidesVC.swift */,
				9AB06F4E2749BC7A0050B3C5 /* SavedRideCell.swift */,
			);
			path = "Join Group";
			sourceTree = "<group>";
		};
		9A3DEF76271B8A710066D1EB /* Notifications */ = {
			isa = PBXGroup;
			children = (
				9A3DEF74271B78CF0066D1EB /* NotificationsVC.swift */,
				9A3DEF77271B8A8C0066D1EB /* NotificationTableViewCell.swift */,
				9A32C56E28658CB9003B1F70 /* AnnouncementTableViewCell.swift */,
			);
			path = Notifications;
			sourceTree = "<group>";
		};
		9AA772E2293ADF9200C07AE8 /* RWGPS */ = {
			isa = PBXGroup;
			children = (
				9A2F41462929A7F70070E327 /* RWGPSRoute.swift */,
				9AAEF2FD29206EE40059B628 /* RWGPSUser.swift */,
				9AA772E3293ADFA600C07AE8 /* RWGPSRoutePreview.swift */,
			);
			path = RWGPS;
			sourceTree = "<group>";
		};
		9AA772E5293AF35600C07AE8 /* RWGPS */ = {
			isa = PBXGroup;
			children = (
				9AAEF2FB292067700059B628 /* RWGPSLoginVC.swift */,
				9AAEF3012920B7980059B628 /* RWGPSSelectRideVC.swift */,
				9AA772E8293AF61900C07AE8 /* RWGPSRoutePreviewCell.swift */,
			);
			path = RWGPS;
			sourceTree = "<group>";
		};
		9AAEF2FA292067580059B628 /* Settings */ = {
			isa = PBXGroup;
			children = (
				9AB04F7626EAE2D30076B190 /* ShareInviteCodeVC.swift */,
				9AB04F7426E87F570076B190 /* GroupRideSettingsVC.swift */,
				9AA772E5293AF35600C07AE8 /* RWGPS */,
			);
			path = Settings;
			sourceTree = "<group>";
		};
		9AB04F6826D8BB770076B190 /* BottomSheet */ = {
			isa = PBXGroup;
			children = (
				9AB04F6226D471E90076B190 /* BottomSheetInfoGroupVC.swift */,
				9AB04F7026E1CC100076B190 /* GroupUserLocationVC.swift */,
				9AB04F6926D8BBA20076B190 /* GroupUserTableViewCell.swift */,
			);
			path = BottomSheet;
			sourceTree = "<group>";
		};
		9AB04F6F26DAEECA0076B190 /* BottomSheets */ = {
			isa = PBXGroup;
			children = (
				9AB04F6D26DAEEA60076B190 /* GroupBottomSheet.storyboard */,
			);
			path = BottomSheets;
			sourceTree = "<group>";
		};
		9ADEAA662697D117005BB706 /* Data Objects */ = {
			isa = PBXGroup;
			children = (
				9ADEAA672697D130005BB706 /* NotificationNames.swift */,
				9ADEAA8726B44D12005BB706 /* Group.swift */,
				9ADEAA6F2697D8D8005BB706 /* GroupUser.swift */,
				9ADEAA7426997548005BB706 /* UserDefaults.swift */,
				9A3DEF682712B6530066D1EB /* AppNotifications.swift */,
				9AB04F6B26DADC870076B190 /* Preferences.swift */,
				9AAEF2FF292070180059B628 /* Constants.swift */,
				9ADEAA9026B85EB3005BB706 /* Locations.swift */,
				9AB06F4C2748D2C30050B3C5 /* Ride.swift */,
				9A32C56A28654AA8003B1F70 /* AnnouncementNotification.swift */,
				9AA772E2293ADF9200C07AE8 /* RWGPS */,
			);
			path = "Data Objects";
			sourceTree = "<group>";
		};
		9ADEAA6B2697D29D005BB706 /* Master Items */ = {
			isa = PBXGroup;
			children = (
				9AE042BB2696E02B00FC86AD /* LaunchScreen.storyboard */,
				9AE042B02696E02700FC86AD /* AppDelegate.swift */,
				9AE042B22696E02700FC86AD /* SceneDelegate.swift */,
				9AE042BE2696E02B00FC86AD /* Info.plist */,
				9AE042B92696E02B00FC86AD /* Assets.xcassets */,
				9AB06F522751DE9B0050B3C5 /* GoogleService-Info.plist */,
				9ADEAA9226B8CCB7005BB706 /* Fonts */,
			);
			path = "Master Items";
			sourceTree = "<group>";
		};
		9ADEAA6C2697D417005BB706 /* Animations */ = {
			isa = PBXGroup;
			children = (
				9AAEF2F8290DD02F0059B628 /* OffRoute.json */,
				9A140165290A2CE500BBF9BB /* KeepDistance.json */,
				9A3DEF6E2718F92A0066D1EB /* ManBiking.json */,
				9A3DEF6C2712BA2B0066D1EB /* Caution.json */,
				9AE960F9270BCD3200B3B839 /* MutePhone.json */,
				9A2C5C5A26BD044B00C82543 /* CheckMark.json */,
				9A2C5C5B26BD044B00C82543 /* CrossX.json */,
				9ADEAA6D2697D8AC005BB706 /* LoginSuccess.json */,
				9A32C56C28657B99003B1F70 /* Megaphone.json */,
			);
			path = Animations;
			sourceTree = "<group>";
		};
		9ADEAA712697DC2D005BB706 /* Network Managers */ = {
			isa = PBXGroup;
			children = (
				9ADEAA9726BCD841005BB706 /* Storage */,
				9ADEAA722697DCBE005BB706 /* NetworkHelpers.swift */,
				9ADEAA7F26ACE556005BB706 /* RealtimeUploads.swift */,
				9ADEAA9526BCD5B6005BB706 /* AuthenticationHelpers.swift */,
				9A40DAD127B893CB004BB1DC /* DateFormatterTimeDifference.swift */,
			);
			path = "Network Managers";
			sourceTree = "<group>";
		};
		9ADEAA7C26997C8B005BB706 /* Main Page */ = {
			isa = PBXGroup;
			children = (
				9A418118285C05740005D5D3 /* AnnouncementVC.swift */,
				9AB04F6826D8BB770076B190 /* BottomSheet */,
				9ADEAA8326ACEE40005BB706 /* BikingVCs.swift */,
				9ADEAA7A26997C86005BB706 /* BikingGroupVC.swift */,
				9AAEF2FA292067580059B628 /* Settings */,
				9A3DEF76271B8A710066D1EB /* Notifications */,
			);
			path = "Main Page";
			sourceTree = "<group>";
		};
		9ADEAA8B26B7365B005BB706 /* Map */ = {
			isa = PBXGroup;
			children = (
				9ADEAA8526B356AB005BB706 /* MapExtensions.swift */,
				9AE2335B26C75B45008C6101 /* GroupUserAnnotation.swift */,
				9AFE04AD295A9476001E6B81 /* RWGPSPointAnnotation.swift */,
			);
			path = Map;
			sourceTree = "<group>";
		};
		9ADEAA9226B8CCB7005BB706 /* Fonts */ = {
			isa = PBXGroup;
			children = (
				9AAD6D402828BCCA00D1DD22 /* OFL.txt */,
				9AAD6D482828BCCB00D1DD22 /* Poppins-Black.ttf */,
				9AAD6D4F2828BCCB00D1DD22 /* Poppins-BlackItalic.ttf */,
				9AAD6D502828BCCB00D1DD22 /* Poppins-Bold.ttf */,
				9AAD6D4D2828BCCB00D1DD22 /* Poppins-BoldItalic.ttf */,
				9AAD6D422828BCCA00D1DD22 /* Poppins-ExtraBold.ttf */,
				9AAD6D492828BCCB00D1DD22 /* Poppins-ExtraBoldItalic.ttf */,
				9AAD6D452828BCCB00D1DD22 /* Poppins-ExtraLight.ttf */,
				9AAD6D3F2828BCCA00D1DD22 /* Poppins-ExtraLightItalic.ttf */,
				9AAD6D412828BCCA00D1DD22 /* Poppins-Italic.ttf */,
				9AAD6D4A2828BCCB00D1DD22 /* Poppins-Light.ttf */,
				9AAD6D462828BCCB00D1DD22 /* Poppins-LightItalic.ttf */,
				9AAD6D3E2828BCCA00D1DD22 /* Poppins-Medium.ttf */,
				9AAD6D4B2828BCCB00D1DD22 /* Poppins-MediumItalic.ttf */,
				9AAD6D472828BCCB00D1DD22 /* Poppins-Regular.ttf */,
				9AAD6D442828BCCB00D1DD22 /* Poppins-SemiBold.ttf */,
				9AAD6D4C2828BCCB00D1DD22 /* Poppins-SemiBoldItalic.ttf */,
				9AAD6D4E2828BCCB00D1DD22 /* Poppins-Thin.ttf */,
				9AAD6D432828BCCA00D1DD22 /* Poppins-ThinItalic.ttf */,
				9ADEAA9326B8CCDC005BB706 /* Baumans-Regular.ttf */,
			);
			path = Fonts;
			sourceTree = "<group>";
		};
		9ADEAA9726BCD841005BB706 /* Storage */ = {
			isa = PBXGroup;
			children = (
				9ADEAA7D26A62917005BB706 /* StorageUploads.swift */,
				9ADEAA9826BCD867005BB706 /* StorageRetrieve.swift */,
			);
			path = Storage;
			sourceTree = "<group>";
		};
		9AE042A42696E02700FC86AD = {
			isa = PBXGroup;
			children = (
				9AE042AF2696E02700FC86AD /* CongressionalAppBiking */,
				9AE042C62696E02B00FC86AD /* CongressionalAppBikingTests */,
				9AE042D12696E02B00FC86AD /* CongressionalAppBikingUITests */,
				9AE042AE2696E02700FC86AD /* Products */,
				ABFD857DBE2207F0FFA1826C /* Pods */,
				FC25732827C7B29D1CD0C135 /* Frameworks */,
			);
			sourceTree = "<group>";
		};
		9AE042AE2696E02700FC86AD /* Products */ = {
			isa = PBXGroup;
			children = (
				9AE042AD2696E02700FC86AD /* CongressionalAppBiking.app */,
				9AE042C32696E02B00FC86AD /* CongressionalAppBikingTests.xctest */,
				9AE042CE2696E02B00FC86AD /* CongressionalAppBikingUITests.xctest */,
			);
			name = Products;
			sourceTree = "<group>";
		};
		9AE042AF2696E02700FC86AD /* CongressionalAppBiking */ = {
			isa = PBXGroup;
			children = (
				9AE960FB270C06F700B3B839 /* CongressionalAppBiking.entitlements */,
				9ADEAA6B2697D29D005BB706 /* Master Items */,
				9AE042E02696E2CA00FC86AD /* Storyboards */,
				9A11B1B32697A146009208E8 /* View Controllers */,
				9A11B1B026979F2A009208E8 /* Custom UI */,
				9ADEAA662697D117005BB706 /* Data Objects */,
				9ADEAA712697DC2D005BB706 /* Network Managers */,
				9ADEAA6C2697D417005BB706 /* Animations */,
			);
			path = CongressionalAppBiking;
			sourceTree = "<group>";
		};
		9AE042C62696E02B00FC86AD /* CongressionalAppBikingTests */ = {
			isa = PBXGroup;
			children = (
				9AE042C72696E02B00FC86AD /* CongressionalAppBikingTests.swift */,
				9AE042C92696E02B00FC86AD /* Info.plist */,
			);
			path = CongressionalAppBikingTests;
			sourceTree = "<group>";
		};
		9AE042D12696E02B00FC86AD /* CongressionalAppBikingUITests */ = {
			isa = PBXGroup;
			children = (
				9AE042D22696E02B00FC86AD /* CongressionalAppBikingUITests.swift */,
				9AE042D42696E02B00FC86AD /* Info.plist */,
			);
			path = CongressionalAppBikingUITests;
			sourceTree = "<group>";
		};
		9AE042E02696E2CA00FC86AD /* Storyboards */ = {
			isa = PBXGroup;
			children = (
				9AE042B62696E02700FC86AD /* Main.storyboard */,
				9AE042E12696E30A00FC86AD /* InitialLaunch.storyboard */,
				9ADEAA7826997C48005BB706 /* MainPage.storyboard */,
				9AA772E6293AF41200C07AE8 /* RWGPS.storyboard */,
				9AB04F6F26DAEECA0076B190 /* BottomSheets */,
			);
			path = Storyboards;
			sourceTree = "<group>";
		};
		ABFD857DBE2207F0FFA1826C /* Pods */ = {
			isa = PBXGroup;
			children = (
				5806A5F2E29415A1BC2DEC47 /* Pods-CongressionalAppBiking.debug.xcconfig */,
				B396ED873A3CCE1625AF4FC3 /* Pods-CongressionalAppBiking.release.xcconfig */,
			);
			path = Pods;
			sourceTree = "<group>";
		};
		FC25732827C7B29D1CD0C135 /* Frameworks */ = {
			isa = PBXGroup;
			children = (
				DEB3238268340224684E6297 /* Pods_CongressionalAppBiking.framework */,
			);
			name = Frameworks;
			sourceTree = "<group>";
		};
/* End PBXGroup section */

/* Begin PBXNativeTarget section */
		9AE042AC2696E02700FC86AD /* CongressionalAppBiking */ = {
			isa = PBXNativeTarget;
			buildConfigurationList = 9AE042D72696E02B00FC86AD /* Build configuration list for PBXNativeTarget "CongressionalAppBiking" */;
			buildPhases = (
				207909C0B38D80FC2F0AA418 /* [CP] Check Pods Manifest.lock */,
				9AE042A92696E02700FC86AD /* Sources */,
				9AE042AA2696E02700FC86AD /* Frameworks */,
				9AE042AB2696E02700FC86AD /* Resources */,
				9ACF216B287E1EDA00046964 /* Embed Frameworks */,
				9271E64C68A41D1B5EBCB08D /* [CP] Embed Pods Frameworks */,
				8002BC2679A0A4B1CD810A36 /* [CP] Copy Pods Resources */,
			);
			buildRules = (
			);
			dependencies = (
			);
			name = CongressionalAppBiking;
			packageProductDependencies = (
				9A354853287E2BFC003AFD53 /* FirebaseAnalytics */,
				9A354855287E2BFC003AFD53 /* FirebaseAuth */,
				9A354857287E2BFC003AFD53 /* FirebaseDatabase */,
				9A354859287E2BFC003AFD53 /* FirebaseMessaging */,
				9A35485B287E2BFC003AFD53 /* FirebaseStorage */,
				9A35485D287E51B6003AFD53 /* FirebaseFunctions */,
			);
			productName = CongressionalAppBiking;
			productReference = 9AE042AD2696E02700FC86AD /* CongressionalAppBiking.app */;
			productType = "com.apple.product-type.application";
		};
		9AE042C22696E02B00FC86AD /* CongressionalAppBikingTests */ = {
			isa = PBXNativeTarget;
			buildConfigurationList = 9AE042DA2696E02B00FC86AD /* Build configuration list for PBXNativeTarget "CongressionalAppBikingTests" */;
			buildPhases = (
				9AE042BF2696E02B00FC86AD /* Sources */,
				9AE042C02696E02B00FC86AD /* Frameworks */,
				9AE042C12696E02B00FC86AD /* Resources */,
			);
			buildRules = (
			);
			dependencies = (
				9AE042C52696E02B00FC86AD /* PBXTargetDependency */,
			);
			name = CongressionalAppBikingTests;
			productName = CongressionalAppBikingTests;
			productReference = 9AE042C32696E02B00FC86AD /* CongressionalAppBikingTests.xctest */;
			productType = "com.apple.product-type.bundle.unit-test";
		};
		9AE042CD2696E02B00FC86AD /* CongressionalAppBikingUITests */ = {
			isa = PBXNativeTarget;
			buildConfigurationList = 9AE042DD2696E02B00FC86AD /* Build configuration list for PBXNativeTarget "CongressionalAppBikingUITests" */;
			buildPhases = (
				9AE042CA2696E02B00FC86AD /* Sources */,
				9AE042CB2696E02B00FC86AD /* Frameworks */,
				9AE042CC2696E02B00FC86AD /* Resources */,
			);
			buildRules = (
			);
			dependencies = (
				9AE042D02696E02B00FC86AD /* PBXTargetDependency */,
			);
			name = CongressionalAppBikingUITests;
			productName = CongressionalAppBikingUITests;
			productReference = 9AE042CE2696E02B00FC86AD /* CongressionalAppBikingUITests.xctest */;
			productType = "com.apple.product-type.bundle.ui-testing";
		};
/* End PBXNativeTarget section */

/* Begin PBXProject section */
		9AE042A52696E02700FC86AD /* Project object */ = {
			isa = PBXProject;
			attributes = {
				LastSwiftUpdateCheck = 1250;
				LastUpgradeCheck = 1320;
				TargetAttributes = {
					9AE042AC2696E02700FC86AD = {
						CreatedOnToolsVersion = 12.5;
					};
					9AE042C22696E02B00FC86AD = {
						CreatedOnToolsVersion = 12.5;
						TestTargetID = 9AE042AC2696E02700FC86AD;
					};
					9AE042CD2696E02B00FC86AD = {
						CreatedOnToolsVersion = 12.5;
						TestTargetID = 9AE042AC2696E02700FC86AD;
					};
				};
			};
			buildConfigurationList = 9AE042A82696E02700FC86AD /* Build configuration list for PBXProject "CongressionalAppBiking" */;
			compatibilityVersion = "Xcode 9.3";
			developmentRegion = en;
			hasScannedForEncodings = 0;
			knownRegions = (
				en,
				Base,
			);
			mainGroup = 9AE042A42696E02700FC86AD;
			packageReferences = (
				9A354852287E2BD6003AFD53 /* XCRemoteSwiftPackageReference "firebase-ios-sdk" */,
			);
			productRefGroup = 9AE042AE2696E02700FC86AD /* Products */;
			projectDirPath = "";
			projectRoot = "";
			targets = (
				9AE042AC2696E02700FC86AD /* CongressionalAppBiking */,
				9AE042C22696E02B00FC86AD /* CongressionalAppBikingTests */,
				9AE042CD2696E02B00FC86AD /* CongressionalAppBikingUITests */,
			);
		};
/* End PBXProject section */

/* Begin PBXResourcesBuildPhase section */
		9AE042AB2696E02700FC86AD /* Resources */ = {
			isa = PBXResourcesBuildPhase;
			buildActionMask = 2147483647;
			files = (
				9AA772E7293AF41200C07AE8 /* RWGPS.storyboard in Resources */,
				9AAD6D512828BCDE00D1DD22 /* OFL.txt in Resources */,
				9AAD6D522828BCDE00D1DD22 /* Poppins-Black.ttf in Resources */,
				9AAD6D532828BCDE00D1DD22 /* Poppins-BlackItalic.ttf in Resources */,
				9AAD6D542828BCDE00D1DD22 /* Poppins-Bold.ttf in Resources */,
				9AAD6D552828BCDE00D1DD22 /* Poppins-BoldItalic.ttf in Resources */,
				9AAD6D562828BCDE00D1DD22 /* Poppins-ExtraBold.ttf in Resources */,
				9AAD6D572828BCDE00D1DD22 /* Poppins-ExtraBoldItalic.ttf in Resources */,
				9AAD6D582828BCDE00D1DD22 /* Poppins-ExtraLight.ttf in Resources */,
				9AAD6D592828BCDE00D1DD22 /* Poppins-ExtraLightItalic.ttf in Resources */,
				9AAD6D5A2828BCDE00D1DD22 /* Poppins-Italic.ttf in Resources */,
				9AAD6D5B2828BCDE00D1DD22 /* Poppins-Light.ttf in Resources */,
				9AAD6D5C2828BCDE00D1DD22 /* Poppins-LightItalic.ttf in Resources */,
				9AAD6D5D2828BCDF00D1DD22 /* Poppins-Medium.ttf in Resources */,
				9A140166290A2CE500BBF9BB /* KeepDistance.json in Resources */,
				9AAD6D5E2828BCDF00D1DD22 /* Poppins-MediumItalic.ttf in Resources */,
				9AAD6D5F2828BCDF00D1DD22 /* Poppins-Regular.ttf in Resources */,
				9AAD6D602828BCDF00D1DD22 /* Poppins-SemiBold.ttf in Resources */,
				9AAEF2F9290DD0300059B628 /* OffRoute.json in Resources */,
				9AAD6D612828BCDF00D1DD22 /* Poppins-SemiBoldItalic.ttf in Resources */,
				9A32C56D28657B99003B1F70 /* Megaphone.json in Resources */,
				9AAD6D622828BCDF00D1DD22 /* Poppins-Thin.ttf in Resources */,
				9AAD6D632828BCDF00D1DD22 /* Poppins-ThinItalic.ttf in Resources */,
				9A3DEF6F2718F92B0066D1EB /* ManBiking.json in Resources */,
				9A3DEF6D2712BA2B0066D1EB /* Caution.json in Resources */,
				9ADEAA9426B8CF76005BB706 /* Baumans-Regular.ttf in Resources */,
				9AE042E22696E30A00FC86AD /* InitialLaunch.storyboard in Resources */,
				9ADEAA6E2697D8AC005BB706 /* LoginSuccess.json in Resources */,
				9A2C5C5D26BD044B00C82543 /* CrossX.json in Resources */,
				9ADEAA7926997C48005BB706 /* MainPage.storyboard in Resources */,
				9AE042BD2696E02B00FC86AD /* LaunchScreen.storyboard in Resources */,
				9AB04F6E26DAEEA60076B190 /* GroupBottomSheet.storyboard in Resources */,
				9A2C5C5C26BD044B00C82543 /* CheckMark.json in Resources */,
				9AE042BA2696E02B00FC86AD /* Assets.xcassets in Resources */,
				9AE042B82696E02700FC86AD /* Main.storyboard in Resources */,
				9AE960FA270BCD3200B3B839 /* MutePhone.json in Resources */,
				9AB06F532751DE9B0050B3C5 /* GoogleService-Info.plist in Resources */,
			);
			runOnlyForDeploymentPostprocessing = 0;
		};
		9AE042C12696E02B00FC86AD /* Resources */ = {
			isa = PBXResourcesBuildPhase;
			buildActionMask = 2147483647;
			files = (
			);
			runOnlyForDeploymentPostprocessing = 0;
		};
		9AE042CC2696E02B00FC86AD /* Resources */ = {
			isa = PBXResourcesBuildPhase;
			buildActionMask = 2147483647;
			files = (
			);
			runOnlyForDeploymentPostprocessing = 0;
		};
/* End PBXResourcesBuildPhase section */

/* Begin PBXShellScriptBuildPhase section */
		207909C0B38D80FC2F0AA418 /* [CP] Check Pods Manifest.lock */ = {
			isa = PBXShellScriptBuildPhase;
			buildActionMask = 2147483647;
			files = (
			);
			inputFileListPaths = (
			);
			inputPaths = (
				"${PODS_PODFILE_DIR_PATH}/Podfile.lock",
				"${PODS_ROOT}/Manifest.lock",
			);
			name = "[CP] Check Pods Manifest.lock";
			outputFileListPaths = (
			);
			outputPaths = (
				"$(DERIVED_FILE_DIR)/Pods-CongressionalAppBiking-checkManifestLockResult.txt",
			);
			runOnlyForDeploymentPostprocessing = 0;
			shellPath = /bin/sh;
			shellScript = "diff \"${PODS_PODFILE_DIR_PATH}/Podfile.lock\" \"${PODS_ROOT}/Manifest.lock\" > /dev/null\nif [ $? != 0 ] ; then\n    # print error to STDERR\n    echo \"error: The sandbox is not in sync with the Podfile.lock. Run 'pod install' or update your CocoaPods installation.\" >&2\n    exit 1\nfi\n# This output is used by Xcode 'outputs' to avoid re-running this script phase.\necho \"SUCCESS\" > \"${SCRIPT_OUTPUT_FILE_0}\"\n";
			showEnvVarsInLog = 0;
		};
		8002BC2679A0A4B1CD810A36 /* [CP] Copy Pods Resources */ = {
			isa = PBXShellScriptBuildPhase;
			buildActionMask = 2147483647;
			files = (
			);
			inputFileListPaths = (
				"${PODS_ROOT}/Target Support Files/Pods-CongressionalAppBiking/Pods-CongressionalAppBiking-resources-${CONFIGURATION}-input-files.xcfilelist",
			);
			name = "[CP] Copy Pods Resources";
			outputFileListPaths = (
				"${PODS_ROOT}/Target Support Files/Pods-CongressionalAppBiking/Pods-CongressionalAppBiking-resources-${CONFIGURATION}-output-files.xcfilelist",
			);
			runOnlyForDeploymentPostprocessing = 0;
			shellPath = /bin/sh;
			shellScript = "\"${PODS_ROOT}/Target Support Files/Pods-CongressionalAppBiking/Pods-CongressionalAppBiking-resources.sh\"\n";
			showEnvVarsInLog = 0;
		};
		9271E64C68A41D1B5EBCB08D /* [CP] Embed Pods Frameworks */ = {
			isa = PBXShellScriptBuildPhase;
			buildActionMask = 2147483647;
			files = (
			);
			inputFileListPaths = (
				"${PODS_ROOT}/Target Support Files/Pods-CongressionalAppBiking/Pods-CongressionalAppBiking-frameworks-${CONFIGURATION}-input-files.xcfilelist",
			);
			name = "[CP] Embed Pods Frameworks";
			outputFileListPaths = (
				"${PODS_ROOT}/Target Support Files/Pods-CongressionalAppBiking/Pods-CongressionalAppBiking-frameworks-${CONFIGURATION}-output-files.xcfilelist",
			);
			runOnlyForDeploymentPostprocessing = 0;
			shellPath = /bin/sh;
			shellScript = "\"${PODS_ROOT}/Target Support Files/Pods-CongressionalAppBiking/Pods-CongressionalAppBiking-frameworks.sh\"\n";
			showEnvVarsInLog = 0;
		};
/* End PBXShellScriptBuildPhase section */

/* Begin PBXSourcesBuildPhase section */
		9AE042A92696E02700FC86AD /* Sources */ = {
			isa = PBXSourcesBuildPhase;
			buildActionMask = 2147483647;
			files = (
				9ADEAA7726997AD2005BB706 /* HideKeyboard.swift in Sources */,
				9AAD6D3D2828B54000D1DD22 /* DesignableUITextField.swift in Sources */,
				9ADEAA7E26A62917005BB706 /* StorageUploads.swift in Sources */,
				9ADEAA732697DCBE005BB706 /* NetworkHelpers.swift in Sources */,
				9ADEAA8226ACEAD6005BB706 /* Alert.swift in Sources */,
				9ADEAA8026ACE556005BB706 /* RealtimeUploads.swift in Sources */,
				9AB06F4D2748D2C30050B3C5 /* Ride.swift in Sources */,
				9ADEAA7B26997C86005BB706 /* BikingGroupVC.swift in Sources */,
				9AB04F6A26D8BBA20076B190 /* GroupUserTableViewCell.swift in Sources */,
				9A2F41472929A7F70070E327 /* RWGPSRoute.swift in Sources */,
				9ADEAA9B26BCF463005BB706 /* TitleLabel.swift in Sources */,
				9AB04F7326E589780076B190 /* ViewShadow.swift in Sources */,
				9AB04F6726D8A59B0076B190 /* ColoredLabels.swift in Sources */,
				9AAEF2FE29206EE40059B628 /* RWGPSUser.swift in Sources */,
				9AA772E9293AF61900C07AE8 /* RWGPSRoutePreviewCell.swift in Sources */,
				9AA772E4293ADFA700C07AE8 /* RWGPSRoutePreview.swift in Sources */,
				9A418119285C05740005D5D3 /* AnnouncementVC.swift in Sources */,
				9AB04F7726EAE2D40076B190 /* ShareInviteCodeVC.swift in Sources */,
				9ADEAA9626BCD5B7005BB706 /* AuthenticationHelpers.swift in Sources */,
				9ADEAA8626B356AB005BB706 /* MapExtensions.swift in Sources */,
				9A11B1B62697A1AA009208E8 /* LoginVC.swift in Sources */,
				9ADEAA682697D130005BB706 /* NotificationNames.swift in Sources */,
				9A32C56F28658CB9003B1F70 /* AnnouncementTableViewCell.swift in Sources */,
				9A32C56B28654AA8003B1F70 /* AnnouncementNotification.swift in Sources */,
				9AAEF2FC292067700059B628 /* RWGPSLoginVC.swift in Sources */,
				9ADEAA8826B44D13005BB706 /* Group.swift in Sources */,
				9A3DEF692712B6530066D1EB /* AppNotifications.swift in Sources */,
				9AB04F7526E87F570076B190 /* GroupRideSettingsVC.swift in Sources */,
				9ADEAA9926BCD867005BB706 /* StorageRetrieve.swift in Sources */,
				9A3DEF75271B78CF0066D1EB /* NotificationsVC.swift in Sources */,
				9A11B1B92697A1D6009208E8 /* JoinGroupVC.swift in Sources */,
				9AE042B12696E02700FC86AD /* AppDelegate.swift in Sources */,
				9ADEAA8A26B4DC70005BB706 /* ExtraColors.swift in Sources */,
				9ADEAA8426ACEE40005BB706 /* BikingVCs.swift in Sources */,
				9A449FA02989F21000BB9829 /* PaddingTextField.swift in Sources */,
				9AB04F6326D471E90076B190 /* BottomSheetInfoGroupVC.swift in Sources */,
				9A40DAD227B893CB004BB1DC /* DateFormatterTimeDifference.swift in Sources */,
				9ADEAA702697D8D8005BB706 /* GroupUser.swift in Sources */,
				9A3DEF78271B8A8C0066D1EB /* NotificationTableViewCell.swift in Sources */,
				9ADEAA7526997548005BB706 /* UserDefaults.swift in Sources */,
				9AFE04AE295A9476001E6B81 /* RWGPSPointAnnotation.swift in Sources */,
				9AB06F4B273E57870050B3C5 /* SavedRidesVC.swift in Sources */,
				9AB04F6C26DADC870076B190 /* Preferences.swift in Sources */,
				9A11B1B226979F48009208E8 /* RoundedButton.swift in Sources */,
				9AE042B32696E02700FC86AD /* SceneDelegate.swift in Sources */,
				9ADEAA6A2697D23F005BB706 /* Toast.swift in Sources */,
				9ADEAA9126B85EB3005BB706 /* Locations.swift in Sources */,
				9A3DEF6B2712B8BC0066D1EB /* Notification.swift in Sources */,
				9AB06F55275325A70050B3C5 /* SignUpVC.swift in Sources */,
				9ADEAA9D26BCF5D6005BB706 /* AdditionalInfoVC.swift in Sources */,
				9AB06F4F2749BC7A0050B3C5 /* SavedRideCell.swift in Sources */,
				9AAEF3022920B7980059B628 /* RWGPSSelectRideVC.swift in Sources */,
				9AAEF300292070180059B628 /* Constants.swift in Sources */,
				9AB04F7126E1CC100076B190 /* GroupUserLocationVC.swift in Sources */,
				9AE2335C26C75B45008C6101 /* GroupUserAnnotation.swift in Sources */,
			);
			runOnlyForDeploymentPostprocessing = 0;
		};
		9AE042BF2696E02B00FC86AD /* Sources */ = {
			isa = PBXSourcesBuildPhase;
			buildActionMask = 2147483647;
			files = (
				9AE042C82696E02B00FC86AD /* CongressionalAppBikingTests.swift in Sources */,
			);
			runOnlyForDeploymentPostprocessing = 0;
		};
		9AE042CA2696E02B00FC86AD /* Sources */ = {
			isa = PBXSourcesBuildPhase;
			buildActionMask = 2147483647;
			files = (
				9AE042D32696E02B00FC86AD /* CongressionalAppBikingUITests.swift in Sources */,
			);
			runOnlyForDeploymentPostprocessing = 0;
		};
/* End PBXSourcesBuildPhase section */

/* Begin PBXTargetDependency section */
		9AE042C52696E02B00FC86AD /* PBXTargetDependency */ = {
			isa = PBXTargetDependency;
			target = 9AE042AC2696E02700FC86AD /* CongressionalAppBiking */;
			targetProxy = 9AE042C42696E02B00FC86AD /* PBXContainerItemProxy */;
		};
		9AE042D02696E02B00FC86AD /* PBXTargetDependency */ = {
			isa = PBXTargetDependency;
			target = 9AE042AC2696E02700FC86AD /* CongressionalAppBiking */;
			targetProxy = 9AE042CF2696E02B00FC86AD /* PBXContainerItemProxy */;
		};
/* End PBXTargetDependency section */

/* Begin PBXVariantGroup section */
		9AE042B62696E02700FC86AD /* Main.storyboard */ = {
			isa = PBXVariantGroup;
			children = (
				9AE042B72696E02700FC86AD /* Base */,
			);
			name = Main.storyboard;
			sourceTree = "<group>";
		};
		9AE042BB2696E02B00FC86AD /* LaunchScreen.storyboard */ = {
			isa = PBXVariantGroup;
			children = (
				9AE042BC2696E02B00FC86AD /* Base */,
			);
			name = LaunchScreen.storyboard;
			sourceTree = "<group>";
		};
/* End PBXVariantGroup section */

/* Begin XCBuildConfiguration section */
		9AE042D52696E02B00FC86AD /* Debug */ = {
			isa = XCBuildConfiguration;
			buildSettings = {
				ALWAYS_SEARCH_USER_PATHS = NO;
				CLANG_ANALYZER_NONNULL = YES;
				CLANG_ANALYZER_NUMBER_OBJECT_CONVERSION = YES_AGGRESSIVE;
				CLANG_CXX_LANGUAGE_STANDARD = "gnu++14";
				CLANG_CXX_LIBRARY = "libc++";
				CLANG_ENABLE_MODULES = YES;
				CLANG_ENABLE_OBJC_ARC = YES;
				CLANG_ENABLE_OBJC_WEAK = YES;
				CLANG_WARN_BLOCK_CAPTURE_AUTORELEASING = YES;
				CLANG_WARN_BOOL_CONVERSION = YES;
				CLANG_WARN_COMMA = YES;
				CLANG_WARN_CONSTANT_CONVERSION = YES;
				CLANG_WARN_DEPRECATED_OBJC_IMPLEMENTATIONS = YES;
				CLANG_WARN_DIRECT_OBJC_ISA_USAGE = YES_ERROR;
				CLANG_WARN_DOCUMENTATION_COMMENTS = YES;
				CLANG_WARN_EMPTY_BODY = YES;
				CLANG_WARN_ENUM_CONVERSION = YES;
				CLANG_WARN_INFINITE_RECURSION = YES;
				CLANG_WARN_INT_CONVERSION = YES;
				CLANG_WARN_NON_LITERAL_NULL_CONVERSION = YES;
				CLANG_WARN_OBJC_IMPLICIT_RETAIN_SELF = YES;
				CLANG_WARN_OBJC_LITERAL_CONVERSION = YES;
				CLANG_WARN_OBJC_ROOT_CLASS = YES_ERROR;
				CLANG_WARN_QUOTED_INCLUDE_IN_FRAMEWORK_HEADER = YES;
				CLANG_WARN_RANGE_LOOP_ANALYSIS = YES;
				CLANG_WARN_STRICT_PROTOTYPES = YES;
				CLANG_WARN_SUSPICIOUS_MOVE = YES;
				CLANG_WARN_UNGUARDED_AVAILABILITY = YES_AGGRESSIVE;
				CLANG_WARN_UNREACHABLE_CODE = YES;
				CLANG_WARN__DUPLICATE_METHOD_MATCH = YES;
				COPY_PHASE_STRIP = NO;
				DEBUG_INFORMATION_FORMAT = dwarf;
				ENABLE_STRICT_OBJC_MSGSEND = YES;
				ENABLE_TESTABILITY = YES;
				GCC_C_LANGUAGE_STANDARD = gnu11;
				GCC_DYNAMIC_NO_PIC = NO;
				GCC_NO_COMMON_BLOCKS = YES;
				GCC_OPTIMIZATION_LEVEL = 0;
				GCC_PREPROCESSOR_DEFINITIONS = (
					"DEBUG=1",
					"$(inherited)",
				);
				GCC_WARN_64_TO_32_BIT_CONVERSION = YES;
				GCC_WARN_ABOUT_RETURN_TYPE = YES_ERROR;
				GCC_WARN_UNDECLARED_SELECTOR = YES;
				GCC_WARN_UNINITIALIZED_AUTOS = YES_AGGRESSIVE;
				GCC_WARN_UNUSED_FUNCTION = YES;
				GCC_WARN_UNUSED_VARIABLE = YES;
				IPHONEOS_DEPLOYMENT_TARGET = 14.5;
				MTL_ENABLE_DEBUG_INFO = INCLUDE_SOURCE;
				MTL_FAST_MATH = YES;
				ONLY_ACTIVE_ARCH = YES;
				SDKROOT = iphoneos;
				SWIFT_ACTIVE_COMPILATION_CONDITIONS = DEBUG;
				SWIFT_OPTIMIZATION_LEVEL = "-Onone";
			};
			name = Debug;
		};
		9AE042D62696E02B00FC86AD /* Release */ = {
			isa = XCBuildConfiguration;
			buildSettings = {
				ALWAYS_SEARCH_USER_PATHS = NO;
				CLANG_ANALYZER_NONNULL = YES;
				CLANG_ANALYZER_NUMBER_OBJECT_CONVERSION = YES_AGGRESSIVE;
				CLANG_CXX_LANGUAGE_STANDARD = "gnu++14";
				CLANG_CXX_LIBRARY = "libc++";
				CLANG_ENABLE_MODULES = YES;
				CLANG_ENABLE_OBJC_ARC = YES;
				CLANG_ENABLE_OBJC_WEAK = YES;
				CLANG_WARN_BLOCK_CAPTURE_AUTORELEASING = YES;
				CLANG_WARN_BOOL_CONVERSION = YES;
				CLANG_WARN_COMMA = YES;
				CLANG_WARN_CONSTANT_CONVERSION = YES;
				CLANG_WARN_DEPRECATED_OBJC_IMPLEMENTATIONS = YES;
				CLANG_WARN_DIRECT_OBJC_ISA_USAGE = YES_ERROR;
				CLANG_WARN_DOCUMENTATION_COMMENTS = YES;
				CLANG_WARN_EMPTY_BODY = YES;
				CLANG_WARN_ENUM_CONVERSION = YES;
				CLANG_WARN_INFINITE_RECURSION = YES;
				CLANG_WARN_INT_CONVERSION = YES;
				CLANG_WARN_NON_LITERAL_NULL_CONVERSION = YES;
				CLANG_WARN_OBJC_IMPLICIT_RETAIN_SELF = YES;
				CLANG_WARN_OBJC_LITERAL_CONVERSION = YES;
				CLANG_WARN_OBJC_ROOT_CLASS = YES_ERROR;
				CLANG_WARN_QUOTED_INCLUDE_IN_FRAMEWORK_HEADER = YES;
				CLANG_WARN_RANGE_LOOP_ANALYSIS = YES;
				CLANG_WARN_STRICT_PROTOTYPES = YES;
				CLANG_WARN_SUSPICIOUS_MOVE = YES;
				CLANG_WARN_UNGUARDED_AVAILABILITY = YES_AGGRESSIVE;
				CLANG_WARN_UNREACHABLE_CODE = YES;
				CLANG_WARN__DUPLICATE_METHOD_MATCH = YES;
				COPY_PHASE_STRIP = NO;
				DEBUG_INFORMATION_FORMAT = "dwarf-with-dsym";
				ENABLE_NS_ASSERTIONS = NO;
				ENABLE_STRICT_OBJC_MSGSEND = YES;
				GCC_C_LANGUAGE_STANDARD = gnu11;
				GCC_NO_COMMON_BLOCKS = YES;
				GCC_WARN_64_TO_32_BIT_CONVERSION = YES;
				GCC_WARN_ABOUT_RETURN_TYPE = YES_ERROR;
				GCC_WARN_UNDECLARED_SELECTOR = YES;
				GCC_WARN_UNINITIALIZED_AUTOS = YES_AGGRESSIVE;
				GCC_WARN_UNUSED_FUNCTION = YES;
				GCC_WARN_UNUSED_VARIABLE = YES;
				IPHONEOS_DEPLOYMENT_TARGET = 14.5;
				MTL_ENABLE_DEBUG_INFO = NO;
				MTL_FAST_MATH = YES;
				SDKROOT = iphoneos;
				SWIFT_COMPILATION_MODE = wholemodule;
				SWIFT_OPTIMIZATION_LEVEL = "-O";
				VALIDATE_PRODUCT = YES;
			};
			name = Release;
		};
		9AE042D82696E02B00FC86AD /* Debug */ = {
			isa = XCBuildConfiguration;
			baseConfigurationReference = 5806A5F2E29415A1BC2DEC47 /* Pods-CongressionalAppBiking.debug.xcconfig */;
			buildSettings = {
				ASSETCATALOG_COMPILER_APPICON_NAME = AppIcon;
				ASSETCATALOG_COMPILER_GLOBAL_ACCENT_COLOR_NAME = AccentColor;
				ASSETCATALOG_COMPILER_INCLUDE_ALL_APPICON_ASSETS = NO;
				CODE_SIGN_ENTITLEMENTS = CongressionalAppBiking/CongressionalAppBiking.entitlements;
				CODE_SIGN_STYLE = Automatic;
				CURRENT_PROJECT_VERSION = 1;
				DEVELOPMENT_TEAM = H2GNMXBY87;
				INFOPLIST_FILE = "CongressionalAppBiking/Master Items/Info.plist";
				INFOPLIST_KEY_LSApplicationCategoryType = "public.app-category.healthcare-fitness";
				LD_RUNPATH_SEARCH_PATHS = (
					"$(inherited)",
					"@executable_path/Frameworks",
				);
				MARKETING_VERSION = 2.1.3;
				PRODUCT_BUNDLE_IDENTIFIER = com.SaahilSukhija.BikingBuds;
				PRODUCT_NAME = "$(TARGET_NAME)";
				SWIFT_VERSION = 5.0;
				TARGETED_DEVICE_FAMILY = 1;
			};
			name = Debug;
		};
		9AE042D92696E02B00FC86AD /* Release */ = {
			isa = XCBuildConfiguration;
			baseConfigurationReference = B396ED873A3CCE1625AF4FC3 /* Pods-CongressionalAppBiking.release.xcconfig */;
			buildSettings = {
				ASSETCATALOG_COMPILER_APPICON_NAME = AppIcon;
				ASSETCATALOG_COMPILER_GLOBAL_ACCENT_COLOR_NAME = AccentColor;
				ASSETCATALOG_COMPILER_INCLUDE_ALL_APPICON_ASSETS = NO;
				CODE_SIGN_ENTITLEMENTS = CongressionalAppBiking/CongressionalAppBiking.entitlements;
				CODE_SIGN_STYLE = Automatic;
				CURRENT_PROJECT_VERSION = 1;
				DEVELOPMENT_TEAM = H2GNMXBY87;
				INFOPLIST_FILE = "CongressionalAppBiking/Master Items/Info.plist";
				INFOPLIST_KEY_LSApplicationCategoryType = "public.app-category.healthcare-fitness";
				LD_RUNPATH_SEARCH_PATHS = (
					"$(inherited)",
					"@executable_path/Frameworks",
				);
				MARKETING_VERSION = 2.1.3;
				PRODUCT_BUNDLE_IDENTIFIER = com.SaahilSukhija.BikingBuds;
				PRODUCT_NAME = "$(TARGET_NAME)";
				SWIFT_VERSION = 5.0;
				TARGETED_DEVICE_FAMILY = 1;
			};
			name = Release;
		};
		9AE042DB2696E02B00FC86AD /* Debug */ = {
			isa = XCBuildConfiguration;
			buildSettings = {
				ALWAYS_EMBED_SWIFT_STANDARD_LIBRARIES = YES;
				BUNDLE_LOADER = "$(TEST_HOST)";
				CODE_SIGN_STYLE = Automatic;
				DEVELOPMENT_TEAM = H2GNMXBY87;
				INFOPLIST_FILE = CongressionalAppBikingTests/Info.plist;
				IPHONEOS_DEPLOYMENT_TARGET = 14.5;
				LD_RUNPATH_SEARCH_PATHS = (
					"$(inherited)",
					"@executable_path/Frameworks",
					"@loader_path/Frameworks",
				);
				PRODUCT_BUNDLE_IDENTIFIER = com.SaahilSukhija.CongressionalAppBikingTests;
				PRODUCT_NAME = "$(TARGET_NAME)";
				SWIFT_VERSION = 5.0;
				TARGETED_DEVICE_FAMILY = "1,2";
				TEST_HOST = "$(BUILT_PRODUCTS_DIR)/CongressionalAppBiking.app/CongressionalAppBiking";
			};
			name = Debug;
		};
		9AE042DC2696E02B00FC86AD /* Release */ = {
			isa = XCBuildConfiguration;
			buildSettings = {
				ALWAYS_EMBED_SWIFT_STANDARD_LIBRARIES = YES;
				BUNDLE_LOADER = "$(TEST_HOST)";
				CODE_SIGN_STYLE = Automatic;
				DEVELOPMENT_TEAM = H2GNMXBY87;
				INFOPLIST_FILE = CongressionalAppBikingTests/Info.plist;
				IPHONEOS_DEPLOYMENT_TARGET = 14.5;
				LD_RUNPATH_SEARCH_PATHS = (
					"$(inherited)",
					"@executable_path/Frameworks",
					"@loader_path/Frameworks",
				);
				PRODUCT_BUNDLE_IDENTIFIER = com.SaahilSukhija.CongressionalAppBikingTests;
				PRODUCT_NAME = "$(TARGET_NAME)";
				SWIFT_VERSION = 5.0;
				TARGETED_DEVICE_FAMILY = "1,2";
				TEST_HOST = "$(BUILT_PRODUCTS_DIR)/CongressionalAppBiking.app/CongressionalAppBiking";
			};
			name = Release;
		};
		9AE042DE2696E02B00FC86AD /* Debug */ = {
			isa = XCBuildConfiguration;
			buildSettings = {
				ALWAYS_EMBED_SWIFT_STANDARD_LIBRARIES = YES;
				CODE_SIGN_STYLE = Automatic;
				DEVELOPMENT_TEAM = H2GNMXBY87;
				INFOPLIST_FILE = CongressionalAppBikingUITests/Info.plist;
				LD_RUNPATH_SEARCH_PATHS = (
					"$(inherited)",
					"@executable_path/Frameworks",
					"@loader_path/Frameworks",
				);
				PRODUCT_BUNDLE_IDENTIFIER = com.SaahilSukhija.CongressionalAppBikingUITests;
				PRODUCT_NAME = "$(TARGET_NAME)";
				SWIFT_VERSION = 5.0;
				TARGETED_DEVICE_FAMILY = "1,2";
				TEST_TARGET_NAME = CongressionalAppBiking;
			};
			name = Debug;
		};
		9AE042DF2696E02B00FC86AD /* Release */ = {
			isa = XCBuildConfiguration;
			buildSettings = {
				ALWAYS_EMBED_SWIFT_STANDARD_LIBRARIES = YES;
				CODE_SIGN_STYLE = Automatic;
				DEVELOPMENT_TEAM = H2GNMXBY87;
				INFOPLIST_FILE = CongressionalAppBikingUITests/Info.plist;
				LD_RUNPATH_SEARCH_PATHS = (
					"$(inherited)",
					"@executable_path/Frameworks",
					"@loader_path/Frameworks",
				);
				PRODUCT_BUNDLE_IDENTIFIER = com.SaahilSukhija.CongressionalAppBikingUITests;
				PRODUCT_NAME = "$(TARGET_NAME)";
				SWIFT_VERSION = 5.0;
				TARGETED_DEVICE_FAMILY = "1,2";
				TEST_TARGET_NAME = CongressionalAppBiking;
			};
			name = Release;
		};
/* End XCBuildConfiguration section */

/* Begin XCConfigurationList section */
		9AE042A82696E02700FC86AD /* Build configuration list for PBXProject "CongressionalAppBiking" */ = {
			isa = XCConfigurationList;
			buildConfigurations = (
				9AE042D52696E02B00FC86AD /* Debug */,
				9AE042D62696E02B00FC86AD /* Release */,
			);
			defaultConfigurationIsVisible = 0;
			defaultConfigurationName = Release;
		};
		9AE042D72696E02B00FC86AD /* Build configuration list for PBXNativeTarget "CongressionalAppBiking" */ = {
			isa = XCConfigurationList;
			buildConfigurations = (
				9AE042D82696E02B00FC86AD /* Debug */,
				9AE042D92696E02B00FC86AD /* Release */,
			);
			defaultConfigurationIsVisible = 0;
			defaultConfigurationName = Release;
		};
		9AE042DA2696E02B00FC86AD /* Build configuration list for PBXNativeTarget "CongressionalAppBikingTests" */ = {
			isa = XCConfigurationList;
			buildConfigurations = (
				9AE042DB2696E02B00FC86AD /* Debug */,
				9AE042DC2696E02B00FC86AD /* Release */,
			);
			defaultConfigurationIsVisible = 0;
			defaultConfigurationName = Release;
		};
		9AE042DD2696E02B00FC86AD /* Build configuration list for PBXNativeTarget "CongressionalAppBikingUITests" */ = {
			isa = XCConfigurationList;
			buildConfigurations = (
				9AE042DE2696E02B00FC86AD /* Debug */,
				9AE042DF2696E02B00FC86AD /* Release */,
			);
			defaultConfigurationIsVisible = 0;
			defaultConfigurationName = Release;
		};
/* End XCConfigurationList section */

/* Begin XCRemoteSwiftPackageReference section */
		9A354852287E2BD6003AFD53 /* XCRemoteSwiftPackageReference "firebase-ios-sdk" */ = {
			isa = XCRemoteSwiftPackageReference;
			repositoryURL = "https://github.com/firebase/firebase-ios-sdk.git";
			requirement = {
				kind = upToNextMajorVersion;
				minimumVersion = 9.0.0;
			};
		};
/* End XCRemoteSwiftPackageReference section */

/* Begin XCSwiftPackageProductDependency section */
		9A354853287E2BFC003AFD53 /* FirebaseAnalytics */ = {
			isa = XCSwiftPackageProductDependency;
			package = 9A354852287E2BD6003AFD53 /* XCRemoteSwiftPackageReference "firebase-ios-sdk" */;
			productName = FirebaseAnalytics;
		};
		9A354855287E2BFC003AFD53 /* FirebaseAuth */ = {
			isa = XCSwiftPackageProductDependency;
			package = 9A354852287E2BD6003AFD53 /* XCRemoteSwiftPackageReference "firebase-ios-sdk" */;
			productName = FirebaseAuth;
		};
		9A354857287E2BFC003AFD53 /* FirebaseDatabase */ = {
			isa = XCSwiftPackageProductDependency;
			package = 9A354852287E2BD6003AFD53 /* XCRemoteSwiftPackageReference "firebase-ios-sdk" */;
			productName = FirebaseDatabase;
		};
		9A354859287E2BFC003AFD53 /* FirebaseMessaging */ = {
			isa = XCSwiftPackageProductDependency;
			package = 9A354852287E2BD6003AFD53 /* XCRemoteSwiftPackageReference "firebase-ios-sdk" */;
			productName = FirebaseMessaging;
		};
		9A35485B287E2BFC003AFD53 /* FirebaseStorage */ = {
			isa = XCSwiftPackageProductDependency;
			package = 9A354852287E2BD6003AFD53 /* XCRemoteSwiftPackageReference "firebase-ios-sdk" */;
			productName = FirebaseStorage;
		};
		9A35485D287E51B6003AFD53 /* FirebaseFunctions */ = {
			isa = XCSwiftPackageProductDependency;
			package = 9A354852287E2BD6003AFD53 /* XCRemoteSwiftPackageReference "firebase-ios-sdk" */;
			productName = FirebaseFunctions;
		};
/* End XCSwiftPackageProductDependency section */
	};
	rootObject = 9AE042A52696E02700FC86AD /* Project object */;
}
