// !$*UTF8*$!
{
	archiveVersion = 1;
	classes = {
	};
	objectVersion = 51;
	objects = {

/* Begin PBXBuildFile section */
		9A11B1B226979F48009208E8 /* RoundedButton.swift in Sources */ = {isa = PBXBuildFile; fileRef = 9A11B1B126979F48009208E8 /* RoundedButton.swift */; };
		9A11B1B62697A1AA009208E8 /* SignUpVC.swift in Sources */ = {isa = PBXBuildFile; fileRef = 9A11B1B52697A1AA009208E8 /* SignUpVC.swift */; };
		9A11B1B92697A1D6009208E8 /* JoinGroupVC.swift in Sources */ = {isa = PBXBuildFile; fileRef = 9A11B1B82697A1D6009208E8 /* JoinGroupVC.swift */; };
		9A2C5C5C26BD044B00C82543 /* CheckMark.json in Resources */ = {isa = PBXBuildFile; fileRef = 9A2C5C5A26BD044B00C82543 /* CheckMark.json */; };
		9A2C5C5D26BD044B00C82543 /* CrossX.json in Resources */ = {isa = PBXBuildFile; fileRef = 9A2C5C5B26BD044B00C82543 /* CrossX.json */; };
		9AB04F6326D471E90076B190 /* BottomSheetInfoGroupVC.swift in Sources */ = {isa = PBXBuildFile; fileRef = 9AB04F6226D471E90076B190 /* BottomSheetInfoGroupVC.swift */; };
		9AB04F6726D8A59B0076B190 /* ColoredLabels.swift in Sources */ = {isa = PBXBuildFile; fileRef = 9AB04F6626D8A59B0076B190 /* ColoredLabels.swift */; };
		9AB04F6A26D8BBA20076B190 /* GroupUserTableViewCell.swift in Sources */ = {isa = PBXBuildFile; fileRef = 9AB04F6926D8BBA20076B190 /* GroupUserTableViewCell.swift */; };
		9AB04F6C26DADC870076B190 /* Preferences.swift in Sources */ = {isa = PBXBuildFile; fileRef = 9AB04F6B26DADC870076B190 /* Preferences.swift */; };
		9AB04F6E26DAEEA60076B190 /* GroupBottomSheet.storyboard in Resources */ = {isa = PBXBuildFile; fileRef = 9AB04F6D26DAEEA60076B190 /* GroupBottomSheet.storyboard */; };
		9AB04F7126E1CC100076B190 /* GroupUserLocationVC.swift in Sources */ = {isa = PBXBuildFile; fileRef = 9AB04F7026E1CC100076B190 /* GroupUserLocationVC.swift */; };
		9AB04F7326E589780076B190 /* ViewShadow.swift in Sources */ = {isa = PBXBuildFile; fileRef = 9AB04F7226E589770076B190 /* ViewShadow.swift */; };
		9AB04F7526E87F570076B190 /* GroupRideSettingsVC.swift in Sources */ = {isa = PBXBuildFile; fileRef = 9AB04F7426E87F570076B190 /* GroupRideSettingsVC.swift */; };
		9ADEAA682697D130005BB706 /* NotificationNames.swift in Sources */ = {isa = PBXBuildFile; fileRef = 9ADEAA672697D130005BB706 /* NotificationNames.swift */; };
		9ADEAA6A2697D23F005BB706 /* Toast.swift in Sources */ = {isa = PBXBuildFile; fileRef = 9ADEAA692697D23F005BB706 /* Toast.swift */; };
		9ADEAA6E2697D8AC005BB706 /* LoginSuccess.json in Resources */ = {isa = PBXBuildFile; fileRef = 9ADEAA6D2697D8AC005BB706 /* LoginSuccess.json */; };
		9ADEAA702697D8D8005BB706 /* GroupUser.swift in Sources */ = {isa = PBXBuildFile; fileRef = 9ADEAA6F2697D8D8005BB706 /* GroupUser.swift */; };
		9ADEAA732697DCBE005BB706 /* NetworkHelpers.swift in Sources */ = {isa = PBXBuildFile; fileRef = 9ADEAA722697DCBE005BB706 /* NetworkHelpers.swift */; };
		9ADEAA7526997548005BB706 /* UserDefaults.swift in Sources */ = {isa = PBXBuildFile; fileRef = 9ADEAA7426997548005BB706 /* UserDefaults.swift */; };
		9ADEAA7726997AD2005BB706 /* HideKeyboard.swift in Sources */ = {isa = PBXBuildFile; fileRef = 9ADEAA7626997AD2005BB706 /* HideKeyboard.swift */; };
		9ADEAA7926997C48005BB706 /* MainPage.storyboard in Resources */ = {isa = PBXBuildFile; fileRef = 9ADEAA7826997C48005BB706 /* MainPage.storyboard */; };
		9ADEAA7B26997C86005BB706 /* BikingGroupVC.swift in Sources */ = {isa = PBXBuildFile; fileRef = 9ADEAA7A26997C86005BB706 /* BikingGroupVC.swift */; };
		9ADEAA7E26A62917005BB706 /* StorageUploads.swift in Sources */ = {isa = PBXBuildFile; fileRef = 9ADEAA7D26A62917005BB706 /* StorageUploads.swift */; };
		9ADEAA8026ACE556005BB706 /* RealtimeUploads.swift in Sources */ = {isa = PBXBuildFile; fileRef = 9ADEAA7F26ACE556005BB706 /* RealtimeUploads.swift */; };
		9ADEAA8226ACEAD6005BB706 /* Alert.swift in Sources */ = {isa = PBXBuildFile; fileRef = 9ADEAA8126ACEAD6005BB706 /* Alert.swift */; };
		9ADEAA8426ACEE40005BB706 /* BikingVCs.swift in Sources */ = {isa = PBXBuildFile; fileRef = 9ADEAA8326ACEE40005BB706 /* BikingVCs.swift */; };
		9ADEAA8626B356AB005BB706 /* MapExtensions.swift in Sources */ = {isa = PBXBuildFile; fileRef = 9ADEAA8526B356AB005BB706 /* MapExtensions.swift */; };
		9ADEAA8826B44D13005BB706 /* Group.swift in Sources */ = {isa = PBXBuildFile; fileRef = 9ADEAA8726B44D12005BB706 /* Group.swift */; };
		9ADEAA8A26B4DC70005BB706 /* ExtraColors.swift in Sources */ = {isa = PBXBuildFile; fileRef = 9ADEAA8926B4DC70005BB706 /* ExtraColors.swift */; };
		9ADEAA9126B85EB3005BB706 /* Locations.swift in Sources */ = {isa = PBXBuildFile; fileRef = 9ADEAA9026B85EB3005BB706 /* Locations.swift */; };
		9ADEAA9426B8CF76005BB706 /* Baumans-Regular.ttf in Resources */ = {isa = PBXBuildFile; fileRef = 9ADEAA9326B8CCDC005BB706 /* Baumans-Regular.ttf */; };
		9ADEAA9626BCD5B7005BB706 /* AuthenticationHelpers.swift in Sources */ = {isa = PBXBuildFile; fileRef = 9ADEAA9526BCD5B6005BB706 /* AuthenticationHelpers.swift */; };
		9ADEAA9926BCD867005BB706 /* StorageRetrieve.swift in Sources */ = {isa = PBXBuildFile; fileRef = 9ADEAA9826BCD867005BB706 /* StorageRetrieve.swift */; };
		9ADEAA9B26BCF463005BB706 /* TitleLabel.swift in Sources */ = {isa = PBXBuildFile; fileRef = 9ADEAA9A26BCF462005BB706 /* TitleLabel.swift */; };
		9ADEAA9D26BCF5D6005BB706 /* AdditionalInfoVC.swift in Sources */ = {isa = PBXBuildFile; fileRef = 9ADEAA9C26BCF5D6005BB706 /* AdditionalInfoVC.swift */; };
		9AE042B12696E02700FC86AD /* AppDelegate.swift in Sources */ = {isa = PBXBuildFile; fileRef = 9AE042B02696E02700FC86AD /* AppDelegate.swift */; };
		9AE042B32696E02700FC86AD /* SceneDelegate.swift in Sources */ = {isa = PBXBuildFile; fileRef = 9AE042B22696E02700FC86AD /* SceneDelegate.swift */; };
		9AE042B82696E02700FC86AD /* Main.storyboard in Resources */ = {isa = PBXBuildFile; fileRef = 9AE042B62696E02700FC86AD /* Main.storyboard */; };
		9AE042BA2696E02B00FC86AD /* Assets.xcassets in Resources */ = {isa = PBXBuildFile; fileRef = 9AE042B92696E02B00FC86AD /* Assets.xcassets */; };
		9AE042BD2696E02B00FC86AD /* LaunchScreen.storyboard in Resources */ = {isa = PBXBuildFile; fileRef = 9AE042BB2696E02B00FC86AD /* LaunchScreen.storyboard */; };
		9AE042C82696E02B00FC86AD /* CongressionalAppBikingTests.swift in Sources */ = {isa = PBXBuildFile; fileRef = 9AE042C72696E02B00FC86AD /* CongressionalAppBikingTests.swift */; };
		9AE042D32696E02B00FC86AD /* CongressionalAppBikingUITests.swift in Sources */ = {isa = PBXBuildFile; fileRef = 9AE042D22696E02B00FC86AD /* CongressionalAppBikingUITests.swift */; };
		9AE042E22696E30A00FC86AD /* InitialLaunch.storyboard in Resources */ = {isa = PBXBuildFile; fileRef = 9AE042E12696E30A00FC86AD /* InitialLaunch.storyboard */; };
		9AE2335A26C0E6E2008C6101 /* GoogleService-Info.plist in Resources */ = {isa = PBXBuildFile; fileRef = 9AE2335926C0E6E2008C6101 /* GoogleService-Info.plist */; };
		9AE2335C26C75B45008C6101 /* GroupUserAnnotation.swift in Sources */ = {isa = PBXBuildFile; fileRef = 9AE2335B26C75B45008C6101 /* GroupUserAnnotation.swift */; };
		DA90804C40C8B3ADF8AE3965 /* Pods_CongressionalAppBiking.framework in Frameworks */ = {isa = PBXBuildFile; fileRef = E389DA9EB055071B5AA2BFBD /* Pods_CongressionalAppBiking.framework */; };
/* End PBXBuildFile section */

/* Begin PBXContainerItemProxy section */
		9AE042C42696E02B00FC86AD /* PBXContainerItemProxy */ = {
			isa = PBXContainerItemProxy;
			containerPortal = 9AE042A52696E02700FC86AD /* Project object */;
			proxyType = 1;
			remoteGlobalIDString = 9AE042AC2696E02700FC86AD;
			remoteInfo = CongressionalAppBiking;
		};
		9AE042CF2696E02B00FC86AD /* PBXContainerItemProxy */ = {
			isa = PBXContainerItemProxy;
			containerPortal = 9AE042A52696E02700FC86AD /* Project object */;
			proxyType = 1;
			remoteGlobalIDString = 9AE042AC2696E02700FC86AD;
			remoteInfo = CongressionalAppBiking;
		};
/* End PBXContainerItemProxy section */

/* Begin PBXFileReference section */
		0D65A7E80CA1498111C3F980 /* Pods-CongressionalAppBiking.release.xcconfig */ = {isa = PBXFileReference; includeInIndex = 1; lastKnownFileType = text.xcconfig; name = "Pods-CongressionalAppBiking.release.xcconfig"; path = "Target Support Files/Pods-CongressionalAppBiking/Pods-CongressionalAppBiking.release.xcconfig"; sourceTree = "<group>"; };
		9A11B1B126979F48009208E8 /* RoundedButton.swift */ = {isa = PBXFileReference; lastKnownFileType = sourcecode.swift; path = RoundedButton.swift; sourceTree = "<group>"; };
		9A11B1B52697A1AA009208E8 /* SignUpVC.swift */ = {isa = PBXFileReference; lastKnownFileType = sourcecode.swift; path = SignUpVC.swift; sourceTree = "<group>"; };
		9A11B1B82697A1D6009208E8 /* JoinGroupVC.swift */ = {isa = PBXFileReference; lastKnownFileType = sourcecode.swift; path = JoinGroupVC.swift; sourceTree = "<group>"; };
		9A2C5C5A26BD044B00C82543 /* CheckMark.json */ = {isa = PBXFileReference; fileEncoding = 4; lastKnownFileType = text.json; path = CheckMark.json; sourceTree = "<group>"; };
		9A2C5C5B26BD044B00C82543 /* CrossX.json */ = {isa = PBXFileReference; fileEncoding = 4; lastKnownFileType = text.json; path = CrossX.json; sourceTree = "<group>"; };
		9AB04F6226D471E90076B190 /* BottomSheetInfoGroupVC.swift */ = {isa = PBXFileReference; lastKnownFileType = sourcecode.swift; path = BottomSheetInfoGroupVC.swift; sourceTree = "<group>"; };
		9AB04F6626D8A59B0076B190 /* ColoredLabels.swift */ = {isa = PBXFileReference; lastKnownFileType = sourcecode.swift; path = ColoredLabels.swift; sourceTree = "<group>"; };
		9AB04F6926D8BBA20076B190 /* GroupUserTableViewCell.swift */ = {isa = PBXFileReference; lastKnownFileType = sourcecode.swift; path = GroupUserTableViewCell.swift; sourceTree = "<group>"; };
		9AB04F6B26DADC870076B190 /* Preferences.swift */ = {isa = PBXFileReference; lastKnownFileType = sourcecode.swift; path = Preferences.swift; sourceTree = "<group>"; };
		9AB04F6D26DAEEA60076B190 /* GroupBottomSheet.storyboard */ = {isa = PBXFileReference; fileEncoding = 4; lastKnownFileType = file.storyboard; path = GroupBottomSheet.storyboard; sourceTree = "<group>"; };
		9AB04F7026E1CC100076B190 /* GroupUserLocationVC.swift */ = {isa = PBXFileReference; lastKnownFileType = sourcecode.swift; path = GroupUserLocationVC.swift; sourceTree = "<group>"; };
		9AB04F7226E589770076B190 /* ViewShadow.swift */ = {isa = PBXFileReference; lastKnownFileType = sourcecode.swift; path = ViewShadow.swift; sourceTree = "<group>"; };
		9AB04F7426E87F570076B190 /* GroupRideSettingsVC.swift */ = {isa = PBXFileReference; lastKnownFileType = sourcecode.swift; path = GroupRideSettingsVC.swift; sourceTree = "<group>"; };
		9ADEAA672697D130005BB706 /* NotificationNames.swift */ = {isa = PBXFileReference; lastKnownFileType = sourcecode.swift; path = NotificationNames.swift; sourceTree = "<group>"; };
		9ADEAA692697D23F005BB706 /* Toast.swift */ = {isa = PBXFileReference; fileEncoding = 4; lastKnownFileType = sourcecode.swift; path = Toast.swift; sourceTree = "<group>"; };
		9ADEAA6D2697D8AC005BB706 /* LoginSuccess.json */ = {isa = PBXFileReference; lastKnownFileType = text.json; path = LoginSuccess.json; sourceTree = "<group>"; };
		9ADEAA6F2697D8D8005BB706 /* GroupUser.swift */ = {isa = PBXFileReference; lastKnownFileType = sourcecode.swift; path = GroupUser.swift; sourceTree = "<group>"; };
		9ADEAA722697DCBE005BB706 /* NetworkHelpers.swift */ = {isa = PBXFileReference; fileEncoding = 4; lastKnownFileType = sourcecode.swift; path = NetworkHelpers.swift; sourceTree = "<group>"; };
		9ADEAA7426997548005BB706 /* UserDefaults.swift */ = {isa = PBXFileReference; lastKnownFileType = sourcecode.swift; path = UserDefaults.swift; sourceTree = "<group>"; };
		9ADEAA7626997AD2005BB706 /* HideKeyboard.swift */ = {isa = PBXFileReference; lastKnownFileType = sourcecode.swift; path = HideKeyboard.swift; sourceTree = "<group>"; };
		9ADEAA7826997C48005BB706 /* MainPage.storyboard */ = {isa = PBXFileReference; lastKnownFileType = file.storyboard; path = MainPage.storyboard; sourceTree = "<group>"; };
		9ADEAA7A26997C86005BB706 /* BikingGroupVC.swift */ = {isa = PBXFileReference; lastKnownFileType = sourcecode.swift; path = BikingGroupVC.swift; sourceTree = "<group>"; };
		9ADEAA7D26A62917005BB706 /* StorageUploads.swift */ = {isa = PBXFileReference; lastKnownFileType = sourcecode.swift; path = StorageUploads.swift; sourceTree = "<group>"; };
		9ADEAA7F26ACE556005BB706 /* RealtimeUploads.swift */ = {isa = PBXFileReference; lastKnownFileType = sourcecode.swift; path = RealtimeUploads.swift; sourceTree = "<group>"; };
		9ADEAA8126ACEAD6005BB706 /* Alert.swift */ = {isa = PBXFileReference; lastKnownFileType = sourcecode.swift; path = Alert.swift; sourceTree = "<group>"; };
		9ADEAA8326ACEE40005BB706 /* BikingVCs.swift */ = {isa = PBXFileReference; lastKnownFileType = sourcecode.swift; path = BikingVCs.swift; sourceTree = "<group>"; };
		9ADEAA8526B356AB005BB706 /* MapExtensions.swift */ = {isa = PBXFileReference; lastKnownFileType = sourcecode.swift; path = MapExtensions.swift; sourceTree = "<group>"; };
		9ADEAA8726B44D12005BB706 /* Group.swift */ = {isa = PBXFileReference; lastKnownFileType = sourcecode.swift; path = Group.swift; sourceTree = "<group>"; };
		9ADEAA8926B4DC70005BB706 /* ExtraColors.swift */ = {isa = PBXFileReference; lastKnownFileType = sourcecode.swift; path = ExtraColors.swift; sourceTree = "<group>"; };
		9ADEAA9026B85EB3005BB706 /* Locations.swift */ = {isa = PBXFileReference; lastKnownFileType = sourcecode.swift; path = Locations.swift; sourceTree = "<group>"; };
		9ADEAA9326B8CCDC005BB706 /* Baumans-Regular.ttf */ = {isa = PBXFileReference; lastKnownFileType = file; path = "Baumans-Regular.ttf"; sourceTree = "<group>"; };
		9ADEAA9526BCD5B6005BB706 /* AuthenticationHelpers.swift */ = {isa = PBXFileReference; lastKnownFileType = sourcecode.swift; path = AuthenticationHelpers.swift; sourceTree = "<group>"; };
		9ADEAA9826BCD867005BB706 /* StorageRetrieve.swift */ = {isa = PBXFileReference; lastKnownFileType = sourcecode.swift; path = StorageRetrieve.swift; sourceTree = "<group>"; };
		9ADEAA9A26BCF462005BB706 /* TitleLabel.swift */ = {isa = PBXFileReference; lastKnownFileType = sourcecode.swift; path = TitleLabel.swift; sourceTree = "<group>"; };
		9ADEAA9C26BCF5D6005BB706 /* AdditionalInfoVC.swift */ = {isa = PBXFileReference; lastKnownFileType = sourcecode.swift; path = AdditionalInfoVC.swift; sourceTree = "<group>"; };
		9AE042AD2696E02700FC86AD /* CongressionalAppBiking.app */ = {isa = PBXFileReference; explicitFileType = wrapper.application; includeInIndex = 0; path = CongressionalAppBiking.app; sourceTree = BUILT_PRODUCTS_DIR; };
		9AE042B02696E02700FC86AD /* AppDelegate.swift */ = {isa = PBXFileReference; lastKnownFileType = sourcecode.swift; path = AppDelegate.swift; sourceTree = "<group>"; };
		9AE042B22696E02700FC86AD /* SceneDelegate.swift */ = {isa = PBXFileReference; lastKnownFileType = sourcecode.swift; path = SceneDelegate.swift; sourceTree = "<group>"; };
		9AE042B72696E02700FC86AD /* Base */ = {isa = PBXFileReference; lastKnownFileType = file.storyboard; name = Base; path = Base.lproj/Main.storyboard; sourceTree = "<group>"; };
		9AE042B92696E02B00FC86AD /* Assets.xcassets */ = {isa = PBXFileReference; lastKnownFileType = folder.assetcatalog; path = Assets.xcassets; sourceTree = "<group>"; };
		9AE042BC2696E02B00FC86AD /* Base */ = {isa = PBXFileReference; lastKnownFileType = file.storyboard; name = Base; path = Base.lproj/LaunchScreen.storyboard; sourceTree = "<group>"; };
		9AE042BE2696E02B00FC86AD /* Info.plist */ = {isa = PBXFileReference; lastKnownFileType = text.plist.xml; path = Info.plist; sourceTree = "<group>"; };
		9AE042C32696E02B00FC86AD /* CongressionalAppBikingTests.xctest */ = {isa = PBXFileReference; explicitFileType = wrapper.cfbundle; includeInIndex = 0; path = CongressionalAppBikingTests.xctest; sourceTree = BUILT_PRODUCTS_DIR; };
		9AE042C72696E02B00FC86AD /* CongressionalAppBikingTests.swift */ = {isa = PBXFileReference; lastKnownFileType = sourcecode.swift; path = CongressionalAppBikingTests.swift; sourceTree = "<group>"; };
		9AE042C92696E02B00FC86AD /* Info.plist */ = {isa = PBXFileReference; lastKnownFileType = text.plist.xml; path = Info.plist; sourceTree = "<group>"; };
		9AE042CE2696E02B00FC86AD /* CongressionalAppBikingUITests.xctest */ = {isa = PBXFileReference; explicitFileType = wrapper.cfbundle; includeInIndex = 0; path = CongressionalAppBikingUITests.xctest; sourceTree = BUILT_PRODUCTS_DIR; };
		9AE042D22696E02B00FC86AD /* CongressionalAppBikingUITests.swift */ = {isa = PBXFileReference; lastKnownFileType = sourcecode.swift; path = CongressionalAppBikingUITests.swift; sourceTree = "<group>"; };
		9AE042D42696E02B00FC86AD /* Info.plist */ = {isa = PBXFileReference; lastKnownFileType = text.plist.xml; path = Info.plist; sourceTree = "<group>"; };
		9AE042E12696E30A00FC86AD /* InitialLaunch.storyboard */ = {isa = PBXFileReference; lastKnownFileType = file.storyboard; path = InitialLaunch.storyboard; sourceTree = "<group>"; };
		9AE2335926C0E6E2008C6101 /* GoogleService-Info.plist */ = {isa = PBXFileReference; lastKnownFileType = text.plist.xml; path = "GoogleService-Info.plist"; sourceTree = "<group>"; };
		9AE2335B26C75B45008C6101 /* GroupUserAnnotation.swift */ = {isa = PBXFileReference; lastKnownFileType = sourcecode.swift; path = GroupUserAnnotation.swift; sourceTree = "<group>"; };
		9CBD68A57A92EA7878C96FBB /* Pods-CongressionalAppBiking.debug.xcconfig */ = {isa = PBXFileReference; includeInIndex = 1; lastKnownFileType = text.xcconfig; name = "Pods-CongressionalAppBiking.debug.xcconfig"; path = "Target Support Files/Pods-CongressionalAppBiking/Pods-CongressionalAppBiking.debug.xcconfig"; sourceTree = "<group>"; };
		E389DA9EB055071B5AA2BFBD /* Pods_CongressionalAppBiking.framework */ = {isa = PBXFileReference; explicitFileType = wrapper.framework; includeInIndex = 0; path = Pods_CongressionalAppBiking.framework; sourceTree = BUILT_PRODUCTS_DIR; };
/* End PBXFileReference section */

/* Begin PBXFrameworksBuildPhase section */
		9AE042AA2696E02700FC86AD /* Frameworks */ = {
			isa = PBXFrameworksBuildPhase;
			buildActionMask = 2147483647;
			files = (
				DA90804C40C8B3ADF8AE3965 /* Pods_CongressionalAppBiking.framework in Frameworks */,
			);
			runOnlyForDeploymentPostprocessing = 0;
		};
		9AE042C02696E02B00FC86AD /* Frameworks */ = {
			isa = PBXFrameworksBuildPhase;
			buildActionMask = 2147483647;
			files = (
			);
			runOnlyForDeploymentPostprocessing = 0;
		};
		9AE042CB2696E02B00FC86AD /* Frameworks */ = {
			isa = PBXFrameworksBuildPhase;
			buildActionMask = 2147483647;
			files = (
			);
			runOnlyForDeploymentPostprocessing = 0;
		};
/* End PBXFrameworksBuildPhase section */

/* Begin PBXGroup section */
		9A11B1B026979F2A009208E8 /* Custom UI */ = {
			isa = PBXGroup;
			children = (
				9ADEAA8B26B7365B005BB706 /* Map */,
				9ADEAA692697D23F005BB706 /* Toast.swift */,
				9ADEAA7626997AD2005BB706 /* HideKeyboard.swift */,
				9AB04F6626D8A59B0076B190 /* ColoredLabels.swift */,
				9AB04F7226E589770076B190 /* ViewShadow.swift */,
				9ADEAA9A26BCF462005BB706 /* TitleLabel.swift */,
				9A11B1B126979F48009208E8 /* RoundedButton.swift */,
				9ADEAA8126ACEAD6005BB706 /* Alert.swift */,
				9ADEAA8926B4DC70005BB706 /* ExtraColors.swift */,
			);
			path = "Custom UI";
			sourceTree = "<group>";
		};
		9A11B1B32697A146009208E8 /* View Controllers */ = {
			isa = PBXGroup;
			children = (
				9A11B1B72697A1C1009208E8 /* Join Group */,
				9A11B1B42697A154009208E8 /* Initial Launch */,
				9ADEAA7C26997C8B005BB706 /* Main Page */,
			);
			path = "View Controllers";
			sourceTree = "<group>";
		};
		9A11B1B42697A154009208E8 /* Initial Launch */ = {
			isa = PBXGroup;
			children = (
				9A11B1B52697A1AA009208E8 /* SignUpVC.swift */,
				9ADEAA9C26BCF5D6005BB706 /* AdditionalInfoVC.swift */,
			);
			path = "Initial Launch";
			sourceTree = "<group>";
		};
		9A11B1B72697A1C1009208E8 /* Join Group */ = {
			isa = PBXGroup;
			children = (
				9A11B1B82697A1D6009208E8 /* JoinGroupVC.swift */,
			);
			path = "Join Group";
			sourceTree = "<group>";
		};
		9AB04F6826D8BB770076B190 /* BottomSheet */ = {
			isa = PBXGroup;
			children = (
				9AB04F6226D471E90076B190 /* BottomSheetInfoGroupVC.swift */,
				9AB04F7026E1CC100076B190 /* GroupUserLocationVC.swift */,
				9AB04F6926D8BBA20076B190 /* GroupUserTableViewCell.swift */,
			);
			path = BottomSheet;
			sourceTree = "<group>";
		};
		9AB04F6F26DAEECA0076B190 /* BottomSheets */ = {
			isa = PBXGroup;
			children = (
				9AB04F6D26DAEEA60076B190 /* GroupBottomSheet.storyboard */,
			);
			path = BottomSheets;
			sourceTree = "<group>";
		};
		9ADEAA662697D117005BB706 /* Data Objects */ = {
			isa = PBXGroup;
			children = (
				9ADEAA672697D130005BB706 /* NotificationNames.swift */,
				9ADEAA8726B44D12005BB706 /* Group.swift */,
				9ADEAA6F2697D8D8005BB706 /* GroupUser.swift */,
				9ADEAA7426997548005BB706 /* UserDefaults.swift */,
				9AB04F6B26DADC870076B190 /* Preferences.swift */,
				9ADEAA9026B85EB3005BB706 /* Locations.swift */,
			);
			path = "Data Objects";
			sourceTree = "<group>";
		};
		9ADEAA6B2697D29D005BB706 /* Master Items */ = {
			isa = PBXGroup;
			children = (
				9AE042BB2696E02B00FC86AD /* LaunchScreen.storyboard */,
				9AE042B02696E02700FC86AD /* AppDelegate.swift */,
				9AE2335926C0E6E2008C6101 /* GoogleService-Info.plist */,
				9AE042B22696E02700FC86AD /* SceneDelegate.swift */,
				9AE042BE2696E02B00FC86AD /* Info.plist */,
				9AE042B92696E02B00FC86AD /* Assets.xcassets */,
				9ADEAA9226B8CCB7005BB706 /* Fonts */,
			);
			path = "Master Items";
			sourceTree = "<group>";
		};
		9ADEAA6C2697D417005BB706 /* Animations */ = {
			isa = PBXGroup;
			children = (
				9A2C5C5A26BD044B00C82543 /* CheckMark.json */,
				9A2C5C5B26BD044B00C82543 /* CrossX.json */,
				9ADEAA6D2697D8AC005BB706 /* LoginSuccess.json */,
			);
			path = Animations;
			sourceTree = "<group>";
		};
		9ADEAA712697DC2D005BB706 /* Network Managers */ = {
			isa = PBXGroup;
			children = (
				9ADEAA9726BCD841005BB706 /* Storage */,
				9ADEAA722697DCBE005BB706 /* NetworkHelpers.swift */,
				9ADEAA7F26ACE556005BB706 /* RealtimeUploads.swift */,
				9ADEAA9526BCD5B6005BB706 /* AuthenticationHelpers.swift */,
			);
			path = "Network Managers";
			sourceTree = "<group>";
		};
		9ADEAA7C26997C8B005BB706 /* Main Page */ = {
			isa = PBXGroup;
			children = (
				9AB04F6826D8BB770076B190 /* BottomSheet */,
				9ADEAA8326ACEE40005BB706 /* BikingVCs.swift */,
				9AB04F7426E87F570076B190 /* GroupRideSettingsVC.swift */,
				9ADEAA7A26997C86005BB706 /* BikingGroupVC.swift */,
			);
			path = "Main Page";
			sourceTree = "<group>";
		};
		9ADEAA8B26B7365B005BB706 /* Map */ = {
			isa = PBXGroup;
			children = (
				9ADEAA8526B356AB005BB706 /* MapExtensions.swift */,
				9AE2335B26C75B45008C6101 /* GroupUserAnnotation.swift */,
			);
			path = Map;
			sourceTree = "<group>";
		};
		9ADEAA9226B8CCB7005BB706 /* Fonts */ = {
			isa = PBXGroup;
			children = (
				9ADEAA9326B8CCDC005BB706 /* Baumans-Regular.ttf */,
			);
			path = Fonts;
			sourceTree = "<group>";
		};
		9ADEAA9726BCD841005BB706 /* Storage */ = {
			isa = PBXGroup;
			children = (
				9ADEAA7D26A62917005BB706 /* StorageUploads.swift */,
				9ADEAA9826BCD867005BB706 /* StorageRetrieve.swift */,
			);
			path = Storage;
			sourceTree = "<group>";
		};
		9AE042A42696E02700FC86AD = {
			isa = PBXGroup;
			children = (
				9AE042AF2696E02700FC86AD /* CongressionalAppBiking */,
				9AE042C62696E02B00FC86AD /* CongressionalAppBikingTests */,
				9AE042D12696E02B00FC86AD /* CongressionalAppBikingUITests */,
				9AE042AE2696E02700FC86AD /* Products */,
				ABFD857DBE2207F0FFA1826C /* Pods */,
				E3A0D0313E93C23B076E896F /* Frameworks */,
			);
			sourceTree = "<group>";
		};
		9AE042AE2696E02700FC86AD /* Products */ = {
			isa = PBXGroup;
			children = (
				9AE042AD2696E02700FC86AD /* CongressionalAppBiking.app */,
				9AE042C32696E02B00FC86AD /* CongressionalAppBikingTests.xctest */,
				9AE042CE2696E02B00FC86AD /* CongressionalAppBikingUITests.xctest */,
			);
			name = Products;
			sourceTree = "<group>";
		};
		9AE042AF2696E02700FC86AD /* CongressionalAppBiking */ = {
			isa = PBXGroup;
			children = (
				9ADEAA6B2697D29D005BB706 /* Master Items */,
				9AE042E02696E2CA00FC86AD /* Storyboards */,
				9A11B1B32697A146009208E8 /* View Controllers */,
				9A11B1B026979F2A009208E8 /* Custom UI */,
				9ADEAA662697D117005BB706 /* Data Objects */,
				9ADEAA712697DC2D005BB706 /* Network Managers */,
				9ADEAA6C2697D417005BB706 /* Animations */,
			);
			path = CongressionalAppBiking;
			sourceTree = "<group>";
		};
		9AE042C62696E02B00FC86AD /* CongressionalAppBikingTests */ = {
			isa = PBXGroup;
			children = (
				9AE042C72696E02B00FC86AD /* CongressionalAppBikingTests.swift */,
				9AE042C92696E02B00FC86AD /* Info.plist */,
			);
			path = CongressionalAppBikingTests;
			sourceTree = "<group>";
		};
		9AE042D12696E02B00FC86AD /* CongressionalAppBikingUITests */ = {
			isa = PBXGroup;
			children = (
				9AE042D22696E02B00FC86AD /* CongressionalAppBikingUITests.swift */,
				9AE042D42696E02B00FC86AD /* Info.plist */,
			);
			path = CongressionalAppBikingUITests;
			sourceTree = "<group>";
		};
		9AE042E02696E2CA00FC86AD /* Storyboards */ = {
			isa = PBXGroup;
			children = (
				9AE042B62696E02700FC86AD /* Main.storyboard */,
				9AE042E12696E30A00FC86AD /* InitialLaunch.storyboard */,
				9ADEAA7826997C48005BB706 /* MainPage.storyboard */,
				9AB04F6F26DAEECA0076B190 /* BottomSheets */,
			);
			path = Storyboards;
			sourceTree = "<group>";
		};
		ABFD857DBE2207F0FFA1826C /* Pods */ = {
			isa = PBXGroup;
			children = (
				9CBD68A57A92EA7878C96FBB /* Pods-CongressionalAppBiking.debug.xcconfig */,
				0D65A7E80CA1498111C3F980 /* Pods-CongressionalAppBiking.release.xcconfig */,
			);
			path = Pods;
			sourceTree = "<group>";
		};
		E3A0D0313E93C23B076E896F /* Frameworks */ = {
			isa = PBXGroup;
			children = (
				E389DA9EB055071B5AA2BFBD /* Pods_CongressionalAppBiking.framework */,
			);
			name = Frameworks;
			sourceTree = "<group>";
		};
/* End PBXGroup section */

/* Begin PBXNativeTarget section */
		9AE042AC2696E02700FC86AD /* CongressionalAppBiking */ = {
			isa = PBXNativeTarget;
			buildConfigurationList = 9AE042D72696E02B00FC86AD /* Build configuration list for PBXNativeTarget "CongressionalAppBiking" */;
			buildPhases = (
				227ED0725265C055B1116DD1 /* [CP] Check Pods Manifest.lock */,
				9AE042A92696E02700FC86AD /* Sources */,
				9AE042AA2696E02700FC86AD /* Frameworks */,
				9AE042AB2696E02700FC86AD /* Resources */,
				2E08D5EC51827E90D934BC3C /* [CP] Embed Pods Frameworks */,
				102EFBDAA269B8F614FACD28 /* [CP] Copy Pods Resources */,
			);
			buildRules = (
			);
			dependencies = (
			);
			name = CongressionalAppBiking;
			productName = CongressionalAppBiking;
			productReference = 9AE042AD2696E02700FC86AD /* CongressionalAppBiking.app */;
			productType = "com.apple.product-type.application";
		};
		9AE042C22696E02B00FC86AD /* CongressionalAppBikingTests */ = {
			isa = PBXNativeTarget;
			buildConfigurationList = 9AE042DA2696E02B00FC86AD /* Build configuration list for PBXNativeTarget "CongressionalAppBikingTests" */;
			buildPhases = (
				9AE042BF2696E02B00FC86AD /* Sources */,
				9AE042C02696E02B00FC86AD /* Frameworks */,
				9AE042C12696E02B00FC86AD /* Resources */,
			);
			buildRules = (
			);
			dependencies = (
				9AE042C52696E02B00FC86AD /* PBXTargetDependency */,
			);
			name = CongressionalAppBikingTests;
			productName = CongressionalAppBikingTests;
			productReference = 9AE042C32696E02B00FC86AD /* CongressionalAppBikingTests.xctest */;
			productType = "com.apple.product-type.bundle.unit-test";
		};
		9AE042CD2696E02B00FC86AD /* CongressionalAppBikingUITests */ = {
			isa = PBXNativeTarget;
			buildConfigurationList = 9AE042DD2696E02B00FC86AD /* Build configuration list for PBXNativeTarget "CongressionalAppBikingUITests" */;
			buildPhases = (
				9AE042CA2696E02B00FC86AD /* Sources */,
				9AE042CB2696E02B00FC86AD /* Frameworks */,
				9AE042CC2696E02B00FC86AD /* Resources */,
			);
			buildRules = (
			);
			dependencies = (
				9AE042D02696E02B00FC86AD /* PBXTargetDependency */,
			);
			name = CongressionalAppBikingUITests;
			productName = CongressionalAppBikingUITests;
			productReference = 9AE042CE2696E02B00FC86AD /* CongressionalAppBikingUITests.xctest */;
			productType = "com.apple.product-type.bundle.ui-testing";
		};
/* End PBXNativeTarget section */

/* Begin PBXProject section */
		9AE042A52696E02700FC86AD /* Project object */ = {
			isa = PBXProject;
			attributes = {
				LastSwiftUpdateCheck = 1250;
				LastUpgradeCheck = 1250;
				TargetAttributes = {
					9AE042AC2696E02700FC86AD = {
						CreatedOnToolsVersion = 12.5;
					};
					9AE042C22696E02B00FC86AD = {
						CreatedOnToolsVersion = 12.5;
						TestTargetID = 9AE042AC2696E02700FC86AD;
					};
					9AE042CD2696E02B00FC86AD = {
						CreatedOnToolsVersion = 12.5;
						TestTargetID = 9AE042AC2696E02700FC86AD;
					};
				};
			};
			buildConfigurationList = 9AE042A82696E02700FC86AD /* Build configuration list for PBXProject "CongressionalAppBiking" */;
			compatibilityVersion = "Xcode 9.3";
			developmentRegion = en;
			hasScannedForEncodings = 0;
			knownRegions = (
				en,
				Base,
			);
			mainGroup = 9AE042A42696E02700FC86AD;
			productRefGroup = 9AE042AE2696E02700FC86AD /* Products */;
			projectDirPath = "";
			projectRoot = "";
			targets = (
				9AE042AC2696E02700FC86AD /* CongressionalAppBiking */,
				9AE042C22696E02B00FC86AD /* CongressionalAppBikingTests */,
				9AE042CD2696E02B00FC86AD /* CongressionalAppBikingUITests */,
			);
		};
/* End PBXProject section */

/* Begin PBXResourcesBuildPhase section */
		9AE042AB2696E02700FC86AD /* Resources */ = {
			isa = PBXResourcesBuildPhase;
			buildActionMask = 2147483647;
			files = (
				9ADEAA9426B8CF76005BB706 /* Baumans-Regular.ttf in Resources */,
				9AE042E22696E30A00FC86AD /* InitialLaunch.storyboard in Resources */,
				9ADEAA6E2697D8AC005BB706 /* LoginSuccess.json in Resources */,
				9A2C5C5D26BD044B00C82543 /* CrossX.json in Resources */,
				9ADEAA7926997C48005BB706 /* MainPage.storyboard in Resources */,
				9AE042BD2696E02B00FC86AD /* LaunchScreen.storyboard in Resources */,
				9AB04F6E26DAEEA60076B190 /* GroupBottomSheet.storyboard in Resources */,
				9A2C5C5C26BD044B00C82543 /* CheckMark.json in Resources */,
				9AE2335A26C0E6E2008C6101 /* GoogleService-Info.plist in Resources */,
				9AE042BA2696E02B00FC86AD /* Assets.xcassets in Resources */,
				9AE042B82696E02700FC86AD /* Main.storyboard in Resources */,
			);
			runOnlyForDeploymentPostprocessing = 0;
		};
		9AE042C12696E02B00FC86AD /* Resources */ = {
			isa = PBXResourcesBuildPhase;
			buildActionMask = 2147483647;
			files = (
			);
			runOnlyForDeploymentPostprocessing = 0;
		};
		9AE042CC2696E02B00FC86AD /* Resources */ = {
			isa = PBXResourcesBuildPhase;
			buildActionMask = 2147483647;
			files = (
			);
			runOnlyForDeploymentPostprocessing = 0;
		};
/* End PBXResourcesBuildPhase section */

/* Begin PBXShellScriptBuildPhase section */
		102EFBDAA269B8F614FACD28 /* [CP] Copy Pods Resources */ = {
			isa = PBXShellScriptBuildPhase;
			buildActionMask = 2147483647;
			files = (
			);
			inputFileListPaths = (
				"${PODS_ROOT}/Target Support Files/Pods-CongressionalAppBiking/Pods-CongressionalAppBiking-resources-${CONFIGURATION}-input-files.xcfilelist",
			);
			name = "[CP] Copy Pods Resources";
			outputFileListPaths = (
				"${PODS_ROOT}/Target Support Files/Pods-CongressionalAppBiking/Pods-CongressionalAppBiking-resources-${CONFIGURATION}-output-files.xcfilelist",
			);
			runOnlyForDeploymentPostprocessing = 0;
			shellPath = /bin/sh;
			shellScript = "\"${PODS_ROOT}/Target Support Files/Pods-CongressionalAppBiking/Pods-CongressionalAppBiking-resources.sh\"\n";
			showEnvVarsInLog = 0;
		};
		227ED0725265C055B1116DD1 /* [CP] Check Pods Manifest.lock */ = {
			isa = PBXShellScriptBuildPhase;
			buildActionMask = 2147483647;
			files = (
			);
			inputFileListPaths = (
			);
			inputPaths = (
				"${PODS_PODFILE_DIR_PATH}/Podfile.lock",
				"${PODS_ROOT}/Manifest.lock",
			);
			name = "[CP] Check Pods Manifest.lock";
			outputFileListPaths = (
			);
			outputPaths = (
				"$(DERIVED_FILE_DIR)/Pods-CongressionalAppBiking-checkManifestLockResult.txt",
			);
			runOnlyForDeploymentPostprocessing = 0;
			shellPath = /bin/sh;
			shellScript = "diff \"${PODS_PODFILE_DIR_PATH}/Podfile.lock\" \"${PODS_ROOT}/Manifest.lock\" > /dev/null\nif [ $? != 0 ] ; then\n    # print error to STDERR\n    echo \"error: The sandbox is not in sync with the Podfile.lock. Run 'pod install' or update your CocoaPods installation.\" >&2\n    exit 1\nfi\n# This output is used by Xcode 'outputs' to avoid re-running this script phase.\necho \"SUCCESS\" > \"${SCRIPT_OUTPUT_FILE_0}\"\n";
			showEnvVarsInLog = 0;
		};
		2E08D5EC51827E90D934BC3C /* [CP] Embed Pods Frameworks */ = {
			isa = PBXShellScriptBuildPhase;
			buildActionMask = 2147483647;
			files = (
			);
			inputFileListPaths = (
				"${PODS_ROOT}/Target Support Files/Pods-CongressionalAppBiking/Pods-CongressionalAppBiking-frameworks-${CONFIGURATION}-input-files.xcfilelist",
			);
			name = "[CP] Embed Pods Frameworks";
			outputFileListPaths = (
				"${PODS_ROOT}/Target Support Files/Pods-CongressionalAppBiking/Pods-CongressionalAppBiking-frameworks-${CONFIGURATION}-output-files.xcfilelist",
			);
			runOnlyForDeploymentPostprocessing = 0;
			shellPath = /bin/sh;
			shellScript = "\"${PODS_ROOT}/Target Support Files/Pods-CongressionalAppBiking/Pods-CongressionalAppBiking-frameworks.sh\"\n";
			showEnvVarsInLog = 0;
		};
/* End PBXShellScriptBuildPhase section */

/* Begin PBXSourcesBuildPhase section */
		9AE042A92696E02700FC86AD /* Sources */ = {
			isa = PBXSourcesBuildPhase;
			buildActionMask = 2147483647;
			files = (
				9ADEAA7726997AD2005BB706 /* HideKeyboard.swift in Sources */,
				9ADEAA7E26A62917005BB706 /* StorageUploads.swift in Sources */,
				9ADEAA732697DCBE005BB706 /* NetworkHelpers.swift in Sources */,
				9ADEAA8226ACEAD6005BB706 /* Alert.swift in Sources */,
				9ADEAA8026ACE556005BB706 /* RealtimeUploads.swift in Sources */,
				9ADEAA7B26997C86005BB706 /* BikingGroupVC.swift in Sources */,
				9AB04F6A26D8BBA20076B190 /* GroupUserTableViewCell.swift in Sources */,
				9ADEAA9B26BCF463005BB706 /* TitleLabel.swift in Sources */,
				9AB04F7326E589780076B190 /* ViewShadow.swift in Sources */,
				9AB04F6726D8A59B0076B190 /* ColoredLabels.swift in Sources */,
				9ADEAA9626BCD5B7005BB706 /* AuthenticationHelpers.swift in Sources */,
				9ADEAA8626B356AB005BB706 /* MapExtensions.swift in Sources */,
				9A11B1B62697A1AA009208E8 /* SignUpVC.swift in Sources */,
				9ADEAA682697D130005BB706 /* NotificationNames.swift in Sources */,
				9ADEAA8826B44D13005BB706 /* Group.swift in Sources */,
				9AB04F7526E87F570076B190 /* GroupRideSettingsVC.swift in Sources */,
				9ADEAA9926BCD867005BB706 /* StorageRetrieve.swift in Sources */,
				9A11B1B92697A1D6009208E8 /* JoinGroupVC.swift in Sources */,
				9AE042B12696E02700FC86AD /* AppDelegate.swift in Sources */,
				9ADEAA8A26B4DC70005BB706 /* ExtraColors.swift in Sources */,
				9ADEAA8426ACEE40005BB706 /* BikingVCs.swift in Sources */,
				9AB04F6326D471E90076B190 /* BottomSheetInfoGroupVC.swift in Sources */,
				9ADEAA702697D8D8005BB706 /* GroupUser.swift in Sources */,
				9ADEAA7526997548005BB706 /* UserDefaults.swift in Sources */,
				9AB04F6C26DADC870076B190 /* Preferences.swift in Sources */,
				9A11B1B226979F48009208E8 /* RoundedButton.swift in Sources */,
				9AE042B32696E02700FC86AD /* SceneDelegate.swift in Sources */,
				9ADEAA6A2697D23F005BB706 /* Toast.swift in Sources */,
				9ADEAA9126B85EB3005BB706 /* Locations.swift in Sources */,
				9ADEAA9D26BCF5D6005BB706 /* AdditionalInfoVC.swift in Sources */,
				9AB04F7126E1CC100076B190 /* GroupUserLocationVC.swift in Sources */,
				9AE2335C26C75B45008C6101 /* GroupUserAnnotation.swift in Sources */,
			);
			runOnlyForDeploymentPostprocessing = 0;
		};
		9AE042BF2696E02B00FC86AD /* Sources */ = {
			isa = PBXSourcesBuildPhase;
			buildActionMask = 2147483647;
			files = (
				9AE042C82696E02B00FC86AD /* CongressionalAppBikingTests.swift in Sources */,
			);
			runOnlyForDeploymentPostprocessing = 0;
		};
		9AE042CA2696E02B00FC86AD /* Sources */ = {
			isa = PBXSourcesBuildPhase;
			buildActionMask = 2147483647;
			files = (
				9AE042D32696E02B00FC86AD /* CongressionalAppBikingUITests.swift in Sources */,
			);
			runOnlyForDeploymentPostprocessing = 0;
		};
/* End PBXSourcesBuildPhase section */

/* Begin PBXTargetDependency section */
		9AE042C52696E02B00FC86AD /* PBXTargetDependency */ = {
			isa = PBXTargetDependency;
			target = 9AE042AC2696E02700FC86AD /* CongressionalAppBiking */;
			targetProxy = 9AE042C42696E02B00FC86AD /* PBXContainerItemProxy */;
		};
		9AE042D02696E02B00FC86AD /* PBXTargetDependency */ = {
			isa = PBXTargetDependency;
			target = 9AE042AC2696E02700FC86AD /* CongressionalAppBiking */;
			targetProxy = 9AE042CF2696E02B00FC86AD /* PBXContainerItemProxy */;
		};
/* End PBXTargetDependency section */

/* Begin PBXVariantGroup section */
		9AE042B62696E02700FC86AD /* Main.storyboard */ = {
			isa = PBXVariantGroup;
			children = (
				9AE042B72696E02700FC86AD /* Base */,
			);
			name = Main.storyboard;
			sourceTree = "<group>";
		};
		9AE042BB2696E02B00FC86AD /* LaunchScreen.storyboard */ = {
			isa = PBXVariantGroup;
			children = (
				9AE042BC2696E02B00FC86AD /* Base */,
			);
			name = LaunchScreen.storyboard;
			sourceTree = "<group>";
		};
/* End PBXVariantGroup section */

/* Begin XCBuildConfiguration section */
		9AE042D52696E02B00FC86AD /* Debug */ = {
			isa = XCBuildConfiguration;
			buildSettings = {
				ALWAYS_SEARCH_USER_PATHS = NO;
				CLANG_ANALYZER_NONNULL = YES;
				CLANG_ANALYZER_NUMBER_OBJECT_CONVERSION = YES_AGGRESSIVE;
				CLANG_CXX_LANGUAGE_STANDARD = "gnu++14";
				CLANG_CXX_LIBRARY = "libc++";
				CLANG_ENABLE_MODULES = YES;
				CLANG_ENABLE_OBJC_ARC = YES;
				CLANG_ENABLE_OBJC_WEAK = YES;
				CLANG_WARN_BLOCK_CAPTURE_AUTORELEASING = YES;
				CLANG_WARN_BOOL_CONVERSION = YES;
				CLANG_WARN_COMMA = YES;
				CLANG_WARN_CONSTANT_CONVERSION = YES;
				CLANG_WARN_DEPRECATED_OBJC_IMPLEMENTATIONS = YES;
				CLANG_WARN_DIRECT_OBJC_ISA_USAGE = YES_ERROR;
				CLANG_WARN_DOCUMENTATION_COMMENTS = YES;
				CLANG_WARN_EMPTY_BODY = YES;
				CLANG_WARN_ENUM_CONVERSION = YES;
				CLANG_WARN_INFINITE_RECURSION = YES;
				CLANG_WARN_INT_CONVERSION = YES;
				CLANG_WARN_NON_LITERAL_NULL_CONVERSION = YES;
				CLANG_WARN_OBJC_IMPLICIT_RETAIN_SELF = YES;
				CLANG_WARN_OBJC_LITERAL_CONVERSION = YES;
				CLANG_WARN_OBJC_ROOT_CLASS = YES_ERROR;
				CLANG_WARN_QUOTED_INCLUDE_IN_FRAMEWORK_HEADER = YES;
				CLANG_WARN_RANGE_LOOP_ANALYSIS = YES;
				CLANG_WARN_STRICT_PROTOTYPES = YES;
				CLANG_WARN_SUSPICIOUS_MOVE = YES;
				CLANG_WARN_UNGUARDED_AVAILABILITY = YES_AGGRESSIVE;
				CLANG_WARN_UNREACHABLE_CODE = YES;
				CLANG_WARN__DUPLICATE_METHOD_MATCH = YES;
				COPY_PHASE_STRIP = NO;
				DEBUG_INFORMATION_FORMAT = dwarf;
				ENABLE_STRICT_OBJC_MSGSEND = YES;
				ENABLE_TESTABILITY = YES;
				GCC_C_LANGUAGE_STANDARD = gnu11;
				GCC_DYNAMIC_NO_PIC = NO;
				GCC_NO_COMMON_BLOCKS = YES;
				GCC_OPTIMIZATION_LEVEL = 0;
				GCC_PREPROCESSOR_DEFINITIONS = (
					"DEBUG=1",
					"$(inherited)",
				);
				GCC_WARN_64_TO_32_BIT_CONVERSION = YES;
				GCC_WARN_ABOUT_RETURN_TYPE = YES_ERROR;
				GCC_WARN_UNDECLARED_SELECTOR = YES;
				GCC_WARN_UNINITIALIZED_AUTOS = YES_AGGRESSIVE;
				GCC_WARN_UNUSED_FUNCTION = YES;
				GCC_WARN_UNUSED_VARIABLE = YES;
				IPHONEOS_DEPLOYMENT_TARGET = 14.5;
				MTL_ENABLE_DEBUG_INFO = INCLUDE_SOURCE;
				MTL_FAST_MATH = YES;
				ONLY_ACTIVE_ARCH = YES;
				SDKROOT = iphoneos;
				SWIFT_ACTIVE_COMPILATION_CONDITIONS = DEBUG;
				SWIFT_OPTIMIZATION_LEVEL = "-Onone";
			};
			name = Debug;
		};
		9AE042D62696E02B00FC86AD /* Release */ = {
			isa = XCBuildConfiguration;
			buildSettings = {
				ALWAYS_SEARCH_USER_PATHS = NO;
				CLANG_ANALYZER_NONNULL = YES;
				CLANG_ANALYZER_NUMBER_OBJECT_CONVERSION = YES_AGGRESSIVE;
				CLANG_CXX_LANGUAGE_STANDARD = "gnu++14";
				CLANG_CXX_LIBRARY = "libc++";
				CLANG_ENABLE_MODULES = YES;
				CLANG_ENABLE_OBJC_ARC = YES;
				CLANG_ENABLE_OBJC_WEAK = YES;
				CLANG_WARN_BLOCK_CAPTURE_AUTORELEASING = YES;
				CLANG_WARN_BOOL_CONVERSION = YES;
				CLANG_WARN_COMMA = YES;
				CLANG_WARN_CONSTANT_CONVERSION = YES;
				CLANG_WARN_DEPRECATED_OBJC_IMPLEMENTATIONS = YES;
				CLANG_WARN_DIRECT_OBJC_ISA_USAGE = YES_ERROR;
				CLANG_WARN_DOCUMENTATION_COMMENTS = YES;
				CLANG_WARN_EMPTY_BODY = YES;
				CLANG_WARN_ENUM_CONVERSION = YES;
				CLANG_WARN_INFINITE_RECURSION = YES;
				CLANG_WARN_INT_CONVERSION = YES;
				CLANG_WARN_NON_LITERAL_NULL_CONVERSION = YES;
				CLANG_WARN_OBJC_IMPLICIT_RETAIN_SELF = YES;
				CLANG_WARN_OBJC_LITERAL_CONVERSION = YES;
				CLANG_WARN_OBJC_ROOT_CLASS = YES_ERROR;
				CLANG_WARN_QUOTED_INCLUDE_IN_FRAMEWORK_HEADER = YES;
				CLANG_WARN_RANGE_LOOP_ANALYSIS = YES;
				CLANG_WARN_STRICT_PROTOTYPES = YES;
				CLANG_WARN_SUSPICIOUS_MOVE = YES;
				CLANG_WARN_UNGUARDED_AVAILABILITY = YES_AGGRESSIVE;
				CLANG_WARN_UNREACHABLE_CODE = YES;
				CLANG_WARN__DUPLICATE_METHOD_MATCH = YES;
				COPY_PHASE_STRIP = NO;
				DEBUG_INFORMATION_FORMAT = "dwarf-with-dsym";
				ENABLE_NS_ASSERTIONS = NO;
				ENABLE_STRICT_OBJC_MSGSEND = YES;
				GCC_C_LANGUAGE_STANDARD = gnu11;
				GCC_NO_COMMON_BLOCKS = YES;
				GCC_WARN_64_TO_32_BIT_CONVERSION = YES;
				GCC_WARN_ABOUT_RETURN_TYPE = YES_ERROR;
				GCC_WARN_UNDECLARED_SELECTOR = YES;
				GCC_WARN_UNINITIALIZED_AUTOS = YES_AGGRESSIVE;
				GCC_WARN_UNUSED_FUNCTION = YES;
				GCC_WARN_UNUSED_VARIABLE = YES;
				IPHONEOS_DEPLOYMENT_TARGET = 14.5;
				MTL_ENABLE_DEBUG_INFO = NO;
				MTL_FAST_MATH = YES;
				SDKROOT = iphoneos;
				SWIFT_COMPILATION_MODE = wholemodule;
				SWIFT_OPTIMIZATION_LEVEL = "-O";
				VALIDATE_PRODUCT = YES;
			};
			name = Release;
		};
		9AE042D82696E02B00FC86AD /* Debug */ = {
			isa = XCBuildConfiguration;
			baseConfigurationReference = 9CBD68A57A92EA7878C96FBB /* Pods-CongressionalAppBiking.debug.xcconfig */;
			buildSettings = {
				ASSETCATALOG_COMPILER_APPICON_NAME = AppIcon;
				ASSETCATALOG_COMPILER_GLOBAL_ACCENT_COLOR_NAME = AccentColor;
				CODE_SIGN_STYLE = Automatic;
				DEVELOPMENT_TEAM = H2GNMXBY87;
				INFOPLIST_FILE = "CongressionalAppBiking/Master Items/Info.plist";
				LD_RUNPATH_SEARCH_PATHS = (
					"$(inherited)",
					"@executable_path/Frameworks",
				);
				PRODUCT_BUNDLE_IDENTIFIER = com.SaahilSukhija.CongressionalAppBiking;
				PRODUCT_NAME = "$(TARGET_NAME)";
				SWIFT_VERSION = 5.0;
				TARGETED_DEVICE_FAMILY = "1,2";
			};
			name = Debug;
		};
		9AE042D92696E02B00FC86AD /* Release */ = {
			isa = XCBuildConfiguration;
			baseConfigurationReference = 0D65A7E80CA1498111C3F980 /* Pods-CongressionalAppBiking.release.xcconfig */;
			buildSettings = {
				ASSETCATALOG_COMPILER_APPICON_NAME = AppIcon;
				ASSETCATALOG_COMPILER_GLOBAL_ACCENT_COLOR_NAME = AccentColor;
				CODE_SIGN_STYLE = Automatic;
				DEVELOPMENT_TEAM = H2GNMXBY87;
				INFOPLIST_FILE = "CongressionalAppBiking/Master Items/Info.plist";
				LD_RUNPATH_SEARCH_PATHS = (
					"$(inherited)",
					"@executable_path/Frameworks",
				);
				PRODUCT_BUNDLE_IDENTIFIER = com.SaahilSukhija.CongressionalAppBiking;
				PRODUCT_NAME = "$(TARGET_NAME)";
				SWIFT_VERSION = 5.0;
				TARGETED_DEVICE_FAMILY = "1,2";
			};
			name = Release;
		};
		9AE042DB2696E02B00FC86AD /* Debug */ = {
			isa = XCBuildConfiguration;
			buildSettings = {
				ALWAYS_EMBED_SWIFT_STANDARD_LIBRARIES = YES;
				BUNDLE_LOADER = "$(TEST_HOST)";
				CODE_SIGN_STYLE = Automatic;
				DEVELOPMENT_TEAM = H2GNMXBY87;
				INFOPLIST_FILE = CongressionalAppBikingTests/Info.plist;
				IPHONEOS_DEPLOYMENT_TARGET = 14.5;
				LD_RUNPATH_SEARCH_PATHS = (
					"$(inherited)",
					"@executable_path/Frameworks",
					"@loader_path/Frameworks",
				);
				PRODUCT_BUNDLE_IDENTIFIER = com.SaahilSukhija.CongressionalAppBikingTests;
				PRODUCT_NAME = "$(TARGET_NAME)";
				SWIFT_VERSION = 5.0;
				TARGETED_DEVICE_FAMILY = "1,2";
				TEST_HOST = "$(BUILT_PRODUCTS_DIR)/CongressionalAppBiking.app/CongressionalAppBiking";
			};
			name = Debug;
		};
		9AE042DC2696E02B00FC86AD /* Release */ = {
			isa = XCBuildConfiguration;
			buildSettings = {
				ALWAYS_EMBED_SWIFT_STANDARD_LIBRARIES = YES;
				BUNDLE_LOADER = "$(TEST_HOST)";
				CODE_SIGN_STYLE = Automatic;
				DEVELOPMENT_TEAM = H2GNMXBY87;
				INFOPLIST_FILE = CongressionalAppBikingTests/Info.plist;
				IPHONEOS_DEPLOYMENT_TARGET = 14.5;
				LD_RUNPATH_SEARCH_PATHS = (
					"$(inherited)",
					"@executable_path/Frameworks",
					"@loader_path/Frameworks",
				);
				PRODUCT_BUNDLE_IDENTIFIER = com.SaahilSukhija.CongressionalAppBikingTests;
				PRODUCT_NAME = "$(TARGET_NAME)";
				SWIFT_VERSION = 5.0;
				TARGETED_DEVICE_FAMILY = "1,2";
				TEST_HOST = "$(BUILT_PRODUCTS_DIR)/CongressionalAppBiking.app/CongressionalAppBiking";
			};
			name = Release;
		};
		9AE042DE2696E02B00FC86AD /* Debug */ = {
			isa = XCBuildConfiguration;
			buildSettings = {
				ALWAYS_EMBED_SWIFT_STANDARD_LIBRARIES = YES;
				CODE_SIGN_STYLE = Automatic;
				DEVELOPMENT_TEAM = H2GNMXBY87;
				INFOPLIST_FILE = CongressionalAppBikingUITests/Info.plist;
				LD_RUNPATH_SEARCH_PATHS = (
					"$(inherited)",
					"@executable_path/Frameworks",
					"@loader_path/Frameworks",
				);
				PRODUCT_BUNDLE_IDENTIFIER = com.SaahilSukhija.CongressionalAppBikingUITests;
				PRODUCT_NAME = "$(TARGET_NAME)";
				SWIFT_VERSION = 5.0;
				TARGETED_DEVICE_FAMILY = "1,2";
				TEST_TARGET_NAME = CongressionalAppBiking;
			};
			name = Debug;
		};
		9AE042DF2696E02B00FC86AD /* Release */ = {
			isa = XCBuildConfiguration;
			buildSettings = {
				ALWAYS_EMBED_SWIFT_STANDARD_LIBRARIES = YES;
				CODE_SIGN_STYLE = Automatic;
				DEVELOPMENT_TEAM = H2GNMXBY87;
				INFOPLIST_FILE = CongressionalAppBikingUITests/Info.plist;
				LD_RUNPATH_SEARCH_PATHS = (
					"$(inherited)",
					"@executable_path/Frameworks",
					"@loader_path/Frameworks",
				);
				PRODUCT_BUNDLE_IDENTIFIER = com.SaahilSukhija.CongressionalAppBikingUITests;
				PRODUCT_NAME = "$(TARGET_NAME)";
				SWIFT_VERSION = 5.0;
				TARGETED_DEVICE_FAMILY = "1,2";
				TEST_TARGET_NAME = CongressionalAppBiking;
			};
			name = Release;
		};
/* End XCBuildConfiguration section */

/* Begin XCConfigurationList section */
		9AE042A82696E02700FC86AD /* Build configuration list for PBXProject "CongressionalAppBiking" */ = {
			isa = XCConfigurationList;
			buildConfigurations = (
				9AE042D52696E02B00FC86AD /* Debug */,
				9AE042D62696E02B00FC86AD /* Release */,
			);
			defaultConfigurationIsVisible = 0;
			defaultConfigurationName = Release;
		};
		9AE042D72696E02B00FC86AD /* Build configuration list for PBXNativeTarget "CongressionalAppBiking" */ = {
			isa = XCConfigurationList;
			buildConfigurations = (
				9AE042D82696E02B00FC86AD /* Debug */,
				9AE042D92696E02B00FC86AD /* Release */,
			);
			defaultConfigurationIsVisible = 0;
			defaultConfigurationName = Release;
		};
		9AE042DA2696E02B00FC86AD /* Build configuration list for PBXNativeTarget "CongressionalAppBikingTests" */ = {
			isa = XCConfigurationList;
			buildConfigurations = (
				9AE042DB2696E02B00FC86AD /* Debug */,
				9AE042DC2696E02B00FC86AD /* Release */,
			);
			defaultConfigurationIsVisible = 0;
			defaultConfigurationName = Release;
		};
		9AE042DD2696E02B00FC86AD /* Build configuration list for PBXNativeTarget "CongressionalAppBikingUITests" */ = {
			isa = XCConfigurationList;
			buildConfigurations = (
				9AE042DE2696E02B00FC86AD /* Debug */,
				9AE042DF2696E02B00FC86AD /* Release */,
			);
			defaultConfigurationIsVisible = 0;
			defaultConfigurationName = Release;
		};
/* End XCConfigurationList section */
	};
	rootObject = 9AE042A52696E02700FC86AD /* Project object */;
}
